// !$*UTF8*$!
{
	archiveVersion = 1;
	classes = {
	};
	objectVersion = 56;
	objects = {

/* Begin PBXBuildFile section */
		A60FF4A02B2C78590005B995 /* BookDetailViewModel.swift in Sources */ = {isa = PBXBuildFile; fileRef = A60FF49F2B2C78590005B995 /* BookDetailViewModel.swift */; };
		A622F5942B27247D00D4A593 /* BookAPI.swift in Sources */ = {isa = PBXBuildFile; fileRef = A622F5932B27247D00D4A593 /* BookAPI.swift */; };
		A622F5982B27255400D4A593 /* BookNetworking.swift in Sources */ = {isa = PBXBuildFile; fileRef = A622F5972B27255400D4A593 /* BookNetworking.swift */; };
		A646F81B2B21C46D00D9CA9A /* NavigationSearchBar.swift in Sources */ = {isa = PBXBuildFile; fileRef = A646F81A2B21C46D00D9CA9A /* NavigationSearchBar.swift */; };
		A667B8062B285A9000FBB7F3 /* BookEndPoint.swift in Sources */ = {isa = PBXBuildFile; fileRef = A667B8052B285A9000FBB7F3 /* BookEndPoint.swift */; };
		A667B8092B28752E00FBB7F3 /* BookModel.swift in Sources */ = {isa = PBXBuildFile; fileRef = A667B8082B28752E00FBB7F3 /* BookModel.swift */; };
		A667B80B2B28753300FBB7F3 /* BookItem.swift in Sources */ = {isa = PBXBuildFile; fileRef = A667B80A2B28753300FBB7F3 /* BookItem.swift */; };
		A6A802D92B305DCA00692494 /* URLImageLoader.swift in Sources */ = {isa = PBXBuildFile; fileRef = A6A802D82B305DCA00692494 /* URLImageLoader.swift */; };
		A6A802DC2B3060CC00692494 /* AsyncImageView.swift in Sources */ = {isa = PBXBuildFile; fileRef = A6A802DB2B3060CC00692494 /* AsyncImageView.swift */; };
		A6E616A72B2A752800529651 /* NewBookViewModel.swift in Sources */ = {isa = PBXBuildFile; fileRef = A6E616A62B2A752800529651 /* NewBookViewModel.swift */; };
		A6E616A92B2A756400529651 /* UnidirectionalDataFlowType.swift in Sources */ = {isa = PBXBuildFile; fileRef = A6E616A82B2A756400529651 /* UnidirectionalDataFlowType.swift */; };
		A6EC73432B1DDDAD0086FEDC /* SwiftUI_MVVMApp.swift in Sources */ = {isa = PBXBuildFile; fileRef = A6EC73422B1DDDAD0086FEDC /* SwiftUI_MVVMApp.swift */; };
		A6EC73452B1DDDAD0086FEDC /* ContentView.swift in Sources */ = {isa = PBXBuildFile; fileRef = A6EC73442B1DDDAD0086FEDC /* ContentView.swift */; };
		A6EC73472B1DDDAE0086FEDC /* Assets.xcassets in Resources */ = {isa = PBXBuildFile; fileRef = A6EC73462B1DDDAE0086FEDC /* Assets.xcassets */; };
		A6EC734A2B1DDDAE0086FEDC /* Preview Assets.xcassets in Resources */ = {isa = PBXBuildFile; fileRef = A6EC73492B1DDDAE0086FEDC /* Preview Assets.xcassets */; };
		A6EC73542B1DDDAE0086FEDC /* SwiftUI_MVVMTests.swift in Sources */ = {isa = PBXBuildFile; fileRef = A6EC73532B1DDDAE0086FEDC /* SwiftUI_MVVMTests.swift */; };
		A6EC735E2B1DDDAE0086FEDC /* SwiftUI_MVVMUITests.swift in Sources */ = {isa = PBXBuildFile; fileRef = A6EC735D2B1DDDAE0086FEDC /* SwiftUI_MVVMUITests.swift */; };
		A6EC73602B1DDDAE0086FEDC /* SwiftUI_MVVMUITestsLaunchTests.swift in Sources */ = {isa = PBXBuildFile; fileRef = A6EC735F2B1DDDAE0086FEDC /* SwiftUI_MVVMUITestsLaunchTests.swift */; };
		A6EC736D2B1DDE670086FEDC /* NewBookView.swift in Sources */ = {isa = PBXBuildFile; fileRef = A6EC736C2B1DDE670086FEDC /* NewBookView.swift */; };
		A6EC736F2B1DDE730086FEDC /* SearchBookView.swift in Sources */ = {isa = PBXBuildFile; fileRef = A6EC736E2B1DDE730086FEDC /* SearchBookView.swift */; };
		A6EC73712B1DE1CB0086FEDC /* BookDetailView.swift in Sources */ = {isa = PBXBuildFile; fileRef = A6EC73702B1DE1CB0086FEDC /* BookDetailView.swift */; };
		A6EC73732B1DE4110086FEDC /* NewBookListRow.swift in Sources */ = {isa = PBXBuildFile; fileRef = A6EC73722B1DE4110086FEDC /* NewBookListRow.swift */; };
/* End PBXBuildFile section */

/* Begin PBXContainerItemProxy section */
		A6EC73502B1DDDAE0086FEDC /* PBXContainerItemProxy */ = {
			isa = PBXContainerItemProxy;
			containerPortal = A6EC73372B1DDDAD0086FEDC /* Project object */;
			proxyType = 1;
			remoteGlobalIDString = A6EC733E2B1DDDAD0086FEDC;
			remoteInfo = "SwiftUI-MVVM";
		};
		A6EC735A2B1DDDAE0086FEDC /* PBXContainerItemProxy */ = {
			isa = PBXContainerItemProxy;
			containerPortal = A6EC73372B1DDDAD0086FEDC /* Project object */;
			proxyType = 1;
			remoteGlobalIDString = A6EC733E2B1DDDAD0086FEDC;
			remoteInfo = "SwiftUI-MVVM";
		};
/* End PBXContainerItemProxy section */

/* Begin PBXFileReference section */
		A60FF49F2B2C78590005B995 /* BookDetailViewModel.swift */ = {isa = PBXFileReference; lastKnownFileType = sourcecode.swift; path = BookDetailViewModel.swift; sourceTree = "<group>"; };
		A622F5932B27247D00D4A593 /* BookAPI.swift */ = {isa = PBXFileReference; lastKnownFileType = sourcecode.swift; path = BookAPI.swift; sourceTree = "<group>"; };
		A622F5972B27255400D4A593 /* BookNetworking.swift */ = {isa = PBXFileReference; lastKnownFileType = sourcecode.swift; path = BookNetworking.swift; sourceTree = "<group>"; };
		A646F81A2B21C46D00D9CA9A /* NavigationSearchBar.swift */ = {isa = PBXFileReference; lastKnownFileType = sourcecode.swift; path = NavigationSearchBar.swift; sourceTree = "<group>"; };
		A667B8052B285A9000FBB7F3 /* BookEndPoint.swift */ = {isa = PBXFileReference; lastKnownFileType = sourcecode.swift; path = BookEndPoint.swift; sourceTree = "<group>"; };
		A667B8082B28752E00FBB7F3 /* BookModel.swift */ = {isa = PBXFileReference; lastKnownFileType = sourcecode.swift; path = BookModel.swift; sourceTree = "<group>"; };
		A667B80A2B28753300FBB7F3 /* BookItem.swift */ = {isa = PBXFileReference; lastKnownFileType = sourcecode.swift; path = BookItem.swift; sourceTree = "<group>"; };
		A6A802D82B305DCA00692494 /* URLImageLoader.swift */ = {isa = PBXFileReference; lastKnownFileType = sourcecode.swift; path = URLImageLoader.swift; sourceTree = "<group>"; };
		A6A802DB2B3060CC00692494 /* AsyncImageView.swift */ = {isa = PBXFileReference; lastKnownFileType = sourcecode.swift; path = AsyncImageView.swift; sourceTree = "<group>"; };
		A6E616A62B2A752800529651 /* NewBookViewModel.swift */ = {isa = PBXFileReference; lastKnownFileType = sourcecode.swift; path = NewBookViewModel.swift; sourceTree = "<group>"; };
		A6E616A82B2A756400529651 /* UnidirectionalDataFlowType.swift */ = {isa = PBXFileReference; lastKnownFileType = sourcecode.swift; path = UnidirectionalDataFlowType.swift; sourceTree = "<group>"; };
		A6EC733F2B1DDDAD0086FEDC /* SwiftUI-MVVM.app */ = {isa = PBXFileReference; explicitFileType = wrapper.application; includeInIndex = 0; path = "SwiftUI-MVVM.app"; sourceTree = BUILT_PRODUCTS_DIR; };
		A6EC73422B1DDDAD0086FEDC /* SwiftUI_MVVMApp.swift */ = {isa = PBXFileReference; lastKnownFileType = sourcecode.swift; path = SwiftUI_MVVMApp.swift; sourceTree = "<group>"; };
		A6EC73442B1DDDAD0086FEDC /* ContentView.swift */ = {isa = PBXFileReference; lastKnownFileType = sourcecode.swift; path = ContentView.swift; sourceTree = "<group>"; };
		A6EC73462B1DDDAE0086FEDC /* Assets.xcassets */ = {isa = PBXFileReference; lastKnownFileType = folder.assetcatalog; path = Assets.xcassets; sourceTree = "<group>"; };
		A6EC73492B1DDDAE0086FEDC /* Preview Assets.xcassets */ = {isa = PBXFileReference; lastKnownFileType = folder.assetcatalog; path = "Preview Assets.xcassets"; sourceTree = "<group>"; };
		A6EC734F2B1DDDAE0086FEDC /* SwiftUI-MVVMTests.xctest */ = {isa = PBXFileReference; explicitFileType = wrapper.cfbundle; includeInIndex = 0; path = "SwiftUI-MVVMTests.xctest"; sourceTree = BUILT_PRODUCTS_DIR; };
		A6EC73532B1DDDAE0086FEDC /* SwiftUI_MVVMTests.swift */ = {isa = PBXFileReference; lastKnownFileType = sourcecode.swift; path = SwiftUI_MVVMTests.swift; sourceTree = "<group>"; };
		A6EC73592B1DDDAE0086FEDC /* SwiftUI-MVVMUITests.xctest */ = {isa = PBXFileReference; explicitFileType = wrapper.cfbundle; includeInIndex = 0; path = "SwiftUI-MVVMUITests.xctest"; sourceTree = BUILT_PRODUCTS_DIR; };
		A6EC735D2B1DDDAE0086FEDC /* SwiftUI_MVVMUITests.swift */ = {isa = PBXFileReference; lastKnownFileType = sourcecode.swift; path = SwiftUI_MVVMUITests.swift; sourceTree = "<group>"; };
		A6EC735F2B1DDDAE0086FEDC /* SwiftUI_MVVMUITestsLaunchTests.swift */ = {isa = PBXFileReference; lastKnownFileType = sourcecode.swift; path = SwiftUI_MVVMUITestsLaunchTests.swift; sourceTree = "<group>"; };
		A6EC736C2B1DDE670086FEDC /* NewBookView.swift */ = {isa = PBXFileReference; lastKnownFileType = sourcecode.swift; path = NewBookView.swift; sourceTree = "<group>"; };
		A6EC736E2B1DDE730086FEDC /* SearchBookView.swift */ = {isa = PBXFileReference; lastKnownFileType = sourcecode.swift; path = SearchBookView.swift; sourceTree = "<group>"; };
		A6EC73702B1DE1CB0086FEDC /* BookDetailView.swift */ = {isa = PBXFileReference; lastKnownFileType = sourcecode.swift; path = BookDetailView.swift; sourceTree = "<group>"; };
		A6EC73722B1DE4110086FEDC /* NewBookListRow.swift */ = {isa = PBXFileReference; lastKnownFileType = sourcecode.swift; path = NewBookListRow.swift; sourceTree = "<group>"; };
/* End PBXFileReference section */

/* Begin PBXFrameworksBuildPhase section */
		A6EC733C2B1DDDAD0086FEDC /* Frameworks */ = {
			isa = PBXFrameworksBuildPhase;
			buildActionMask = 2147483647;
			files = (
			);
			runOnlyForDeploymentPostprocessing = 0;
		};
		A6EC734C2B1DDDAE0086FEDC /* Frameworks */ = {
			isa = PBXFrameworksBuildPhase;
			buildActionMask = 2147483647;
			files = (
			);
			runOnlyForDeploymentPostprocessing = 0;
		};
		A6EC73562B1DDDAE0086FEDC /* Frameworks */ = {
			isa = PBXFrameworksBuildPhase;
			buildActionMask = 2147483647;
			files = (
			);
			runOnlyForDeploymentPostprocessing = 0;
		};
/* End PBXFrameworksBuildPhase section */

/* Begin PBXGroup section */
		A60FF49E2B2C78270005B995 /* BookDetail */ = {
			isa = PBXGroup;
			children = (
				A6EC73702B1DE1CB0086FEDC /* BookDetailView.swift */,
				A60FF49F2B2C78590005B995 /* BookDetailViewModel.swift */,
			);
			path = BookDetail;
			sourceTree = "<group>";
		};
		A622F5922B27246D00D4A593 /* Networking */ = {
			isa = PBXGroup;
			children = (
				A622F5932B27247D00D4A593 /* BookAPI.swift */,
				A667B8052B285A9000FBB7F3 /* BookEndPoint.swift */,
				A622F5972B27255400D4A593 /* BookNetworking.swift */,
			);
			path = Networking;
			sourceTree = "<group>";
		};
		A667B8072B28750E00FBB7F3 /* Model */ = {
			isa = PBXGroup;
			children = (
				A667B8082B28752E00FBB7F3 /* BookModel.swift */,
				A667B80A2B28753300FBB7F3 /* BookItem.swift */,
			);
			path = Model;
			sourceTree = "<group>";
		};
		A6A802D72B305DA400692494 /* Service */ = {
			isa = PBXGroup;
			children = (
				A6A802D82B305DCA00692494 /* URLImageLoader.swift */,
			);
			path = Service;
			sourceTree = "<group>";
		};
		A6A802DA2B3060B600692494 /* Foundation */ = {
			isa = PBXGroup;
			children = (
				A6A802DB2B3060CC00692494 /* AsyncImageView.swift */,
			);
			path = Foundation;
			sourceTree = "<group>";
		};
		A6E616A52B2A750900529651 /* NewBook */ = {
			isa = PBXGroup;
			children = (
				A6EC736C2B1DDE670086FEDC /* NewBookView.swift */,
				A6E616A62B2A752800529651 /* NewBookViewModel.swift */,
			);
			path = NewBook;
			sourceTree = "<group>";
		};
		A6EC73362B1DDDAD0086FEDC = {
			isa = PBXGroup;
			children = (
				A6EC73412B1DDDAD0086FEDC /* SwiftUI-MVVM */,
				A6EC73522B1DDDAE0086FEDC /* SwiftUI-MVVMTests */,
				A6EC735C2B1DDDAE0086FEDC /* SwiftUI-MVVMUITests */,
				A6EC73402B1DDDAD0086FEDC /* Products */,
			);
			sourceTree = "<group>";
		};
		A6EC73402B1DDDAD0086FEDC /* Products */ = {
			isa = PBXGroup;
			children = (
				A6EC733F2B1DDDAD0086FEDC /* SwiftUI-MVVM.app */,
				A6EC734F2B1DDDAE0086FEDC /* SwiftUI-MVVMTests.xctest */,
				A6EC73592B1DDDAE0086FEDC /* SwiftUI-MVVMUITests.xctest */,
			);
			name = Products;
			sourceTree = "<group>";
		};
		A6EC73412B1DDDAD0086FEDC /* SwiftUI-MVVM */ = {
			isa = PBXGroup;
			children = (
				A6EC73422B1DDDAD0086FEDC /* SwiftUI_MVVMApp.swift */,
				A6EC73442B1DDDAD0086FEDC /* ContentView.swift */,
				A6E616A82B2A756400529651 /* UnidirectionalDataFlowType.swift */,
				A6A802DA2B3060B600692494 /* Foundation */,
				A6E616A52B2A750900529651 /* NewBook */,
				A60FF49E2B2C78270005B995 /* BookDetail */,
				A6EC73722B1DE4110086FEDC /* NewBookListRow.swift */,
				A6EC736E2B1DDE730086FEDC /* SearchBookView.swift */,
				A646F81A2B21C46D00D9CA9A /* NavigationSearchBar.swift */,
				A667B8072B28750E00FBB7F3 /* Model */,
				A622F5922B27246D00D4A593 /* Networking */,
				A6A802D72B305DA400692494 /* Service */,
				A6EC73462B1DDDAE0086FEDC /* Assets.xcassets */,
				A6EC73482B1DDDAE0086FEDC /* Preview Content */,
			);
			path = "SwiftUI-MVVM";
			sourceTree = "<group>";
		};
		A6EC73482B1DDDAE0086FEDC /* Preview Content */ = {
			isa = PBXGroup;
			children = (
				A6EC73492B1DDDAE0086FEDC /* Preview Assets.xcassets */,
			);
			path = "Preview Content";
			sourceTree = "<group>";
		};
		A6EC73522B1DDDAE0086FEDC /* SwiftUI-MVVMTests */ = {
			isa = PBXGroup;
			children = (
				A6EC73532B1DDDAE0086FEDC /* SwiftUI_MVVMTests.swift */,
			);
			path = "SwiftUI-MVVMTests";
			sourceTree = "<group>";
		};
		A6EC735C2B1DDDAE0086FEDC /* SwiftUI-MVVMUITests */ = {
			isa = PBXGroup;
			children = (
				A6EC735D2B1DDDAE0086FEDC /* SwiftUI_MVVMUITests.swift */,
				A6EC735F2B1DDDAE0086FEDC /* SwiftUI_MVVMUITestsLaunchTests.swift */,
			);
			path = "SwiftUI-MVVMUITests";
			sourceTree = "<group>";
		};
/* End PBXGroup section */

/* Begin PBXNativeTarget section */
		A6EC733E2B1DDDAD0086FEDC /* SwiftUI-MVVM */ = {
			isa = PBXNativeTarget;
			buildConfigurationList = A6EC73632B1DDDAE0086FEDC /* Build configuration list for PBXNativeTarget "SwiftUI-MVVM" */;
			buildPhases = (
				A6EC733B2B1DDDAD0086FEDC /* Sources */,
				A6EC733C2B1DDDAD0086FEDC /* Frameworks */,
				A6EC733D2B1DDDAD0086FEDC /* Resources */,
			);
			buildRules = (
			);
			dependencies = (
			);
			name = "SwiftUI-MVVM";
			productName = "SwiftUI-MVVM";
			productReference = A6EC733F2B1DDDAD0086FEDC /* SwiftUI-MVVM.app */;
			productType = "com.apple.product-type.application";
		};
		A6EC734E2B1DDDAE0086FEDC /* SwiftUI-MVVMTests */ = {
			isa = PBXNativeTarget;
			buildConfigurationList = A6EC73662B1DDDAE0086FEDC /* Build configuration list for PBXNativeTarget "SwiftUI-MVVMTests" */;
			buildPhases = (
				A6EC734B2B1DDDAE0086FEDC /* Sources */,
				A6EC734C2B1DDDAE0086FEDC /* Frameworks */,
				A6EC734D2B1DDDAE0086FEDC /* Resources */,
			);
			buildRules = (
			);
			dependencies = (
				A6EC73512B1DDDAE0086FEDC /* PBXTargetDependency */,
			);
			name = "SwiftUI-MVVMTests";
			productName = "SwiftUI-MVVMTests";
			productReference = A6EC734F2B1DDDAE0086FEDC /* SwiftUI-MVVMTests.xctest */;
			productType = "com.apple.product-type.bundle.unit-test";
		};
		A6EC73582B1DDDAE0086FEDC /* SwiftUI-MVVMUITests */ = {
			isa = PBXNativeTarget;
			buildConfigurationList = A6EC73692B1DDDAE0086FEDC /* Build configuration list for PBXNativeTarget "SwiftUI-MVVMUITests" */;
			buildPhases = (
				A6EC73552B1DDDAE0086FEDC /* Sources */,
				A6EC73562B1DDDAE0086FEDC /* Frameworks */,
				A6EC73572B1DDDAE0086FEDC /* Resources */,
			);
			buildRules = (
			);
			dependencies = (
				A6EC735B2B1DDDAE0086FEDC /* PBXTargetDependency */,
			);
			name = "SwiftUI-MVVMUITests";
			productName = "SwiftUI-MVVMUITests";
			productReference = A6EC73592B1DDDAE0086FEDC /* SwiftUI-MVVMUITests.xctest */;
			productType = "com.apple.product-type.bundle.ui-testing";
		};
/* End PBXNativeTarget section */

/* Begin PBXProject section */
		A6EC73372B1DDDAD0086FEDC /* Project object */ = {
			isa = PBXProject;
			attributes = {
				BuildIndependentTargetsInParallel = 1;
				LastSwiftUpdateCheck = 1430;
				LastUpgradeCheck = 1430;
				TargetAttributes = {
					A6EC733E2B1DDDAD0086FEDC = {
						CreatedOnToolsVersion = 14.3.1;
					};
					A6EC734E2B1DDDAE0086FEDC = {
						CreatedOnToolsVersion = 14.3.1;
						TestTargetID = A6EC733E2B1DDDAD0086FEDC;
					};
					A6EC73582B1DDDAE0086FEDC = {
						CreatedOnToolsVersion = 14.3.1;
						TestTargetID = A6EC733E2B1DDDAD0086FEDC;
					};
				};
			};
			buildConfigurationList = A6EC733A2B1DDDAD0086FEDC /* Build configuration list for PBXProject "SwiftUI-MVVM" */;
			compatibilityVersion = "Xcode 14.0";
			developmentRegion = en;
			hasScannedForEncodings = 0;
			knownRegions = (
				en,
				Base,
			);
			mainGroup = A6EC73362B1DDDAD0086FEDC;
			productRefGroup = A6EC73402B1DDDAD0086FEDC /* Products */;
			projectDirPath = "";
			projectRoot = "";
			targets = (
				A6EC733E2B1DDDAD0086FEDC /* SwiftUI-MVVM */,
				A6EC734E2B1DDDAE0086FEDC /* SwiftUI-MVVMTests */,
				A6EC73582B1DDDAE0086FEDC /* SwiftUI-MVVMUITests */,
			);
		};
/* End PBXProject section */

/* Begin PBXResourcesBuildPhase section */
		A6EC733D2B1DDDAD0086FEDC /* Resources */ = {
			isa = PBXResourcesBuildPhase;
			buildActionMask = 2147483647;
			files = (
				A6EC734A2B1DDDAE0086FEDC /* Preview Assets.xcassets in Resources */,
				A6EC73472B1DDDAE0086FEDC /* Assets.xcassets in Resources */,
			);
			runOnlyForDeploymentPostprocessing = 0;
		};
		A6EC734D2B1DDDAE0086FEDC /* Resources */ = {
			isa = PBXResourcesBuildPhase;
			buildActionMask = 2147483647;
			files = (
			);
			runOnlyForDeploymentPostprocessing = 0;
		};
		A6EC73572B1DDDAE0086FEDC /* Resources */ = {
			isa = PBXResourcesBuildPhase;
			buildActionMask = 2147483647;
			files = (
			);
			runOnlyForDeploymentPostprocessing = 0;
		};
/* End PBXResourcesBuildPhase section */

/* Begin PBXSourcesBuildPhase section */
		A6EC733B2B1DDDAD0086FEDC /* Sources */ = {
			isa = PBXSourcesBuildPhase;
			buildActionMask = 2147483647;
			files = (
				A6EC73452B1DDDAD0086FEDC /* ContentView.swift in Sources */,
				A6EC73432B1DDDAD0086FEDC /* SwiftUI_MVVMApp.swift in Sources */,
				A622F5982B27255400D4A593 /* BookNetworking.swift in Sources */,
				A6E616A72B2A752800529651 /* NewBookViewModel.swift in Sources */,
				A646F81B2B21C46D00D9CA9A /* NavigationSearchBar.swift in Sources */,
				A667B8092B28752E00FBB7F3 /* BookModel.swift in Sources */,
				A6E616A92B2A756400529651 /* UnidirectionalDataFlowType.swift in Sources */,
				A6EC73732B1DE4110086FEDC /* NewBookListRow.swift in Sources */,
				A6EC73712B1DE1CB0086FEDC /* BookDetailView.swift in Sources */,
				A667B80B2B28753300FBB7F3 /* BookItem.swift in Sources */,
				A622F5942B27247D00D4A593 /* BookAPI.swift in Sources */,
				A60FF4A02B2C78590005B995 /* BookDetailViewModel.swift in Sources */,
				A6A802D92B305DCA00692494 /* URLImageLoader.swift in Sources */,
				A6A802DC2B3060CC00692494 /* AsyncImageView.swift in Sources */,
				A667B8062B285A9000FBB7F3 /* BookEndPoint.swift in Sources */,
				A6EC736D2B1DDE670086FEDC /* NewBookView.swift in Sources */,
				A6EC736F2B1DDE730086FEDC /* SearchBookView.swift in Sources */,
			);
			runOnlyForDeploymentPostprocessing = 0;
		};
		A6EC734B2B1DDDAE0086FEDC /* Sources */ = {
			isa = PBXSourcesBuildPhase;
			buildActionMask = 2147483647;
			files = (
				A6EC73542B1DDDAE0086FEDC /* SwiftUI_MVVMTests.swift in Sources */,
			);
			runOnlyForDeploymentPostprocessing = 0;
		};
		A6EC73552B1DDDAE0086FEDC /* Sources */ = {
			isa = PBXSourcesBuildPhase;
			buildActionMask = 2147483647;
			files = (
				A6EC73602B1DDDAE0086FEDC /* SwiftUI_MVVMUITestsLaunchTests.swift in Sources */,
				A6EC735E2B1DDDAE0086FEDC /* SwiftUI_MVVMUITests.swift in Sources */,
			);
			runOnlyForDeploymentPostprocessing = 0;
		};
/* End PBXSourcesBuildPhase section */

/* Begin PBXTargetDependency section */
		A6EC73512B1DDDAE0086FEDC /* PBXTargetDependency */ = {
			isa = PBXTargetDependency;
			target = A6EC733E2B1DDDAD0086FEDC /* SwiftUI-MVVM */;
			targetProxy = A6EC73502B1DDDAE0086FEDC /* PBXContainerItemProxy */;
		};
		A6EC735B2B1DDDAE0086FEDC /* PBXTargetDependency */ = {
			isa = PBXTargetDependency;
			target = A6EC733E2B1DDDAD0086FEDC /* SwiftUI-MVVM */;
			targetProxy = A6EC735A2B1DDDAE0086FEDC /* PBXContainerItemProxy */;
		};
/* End PBXTargetDependency section */

/* Begin XCBuildConfiguration section */
		A6EC73612B1DDDAE0086FEDC /* Debug */ = {
			isa = XCBuildConfiguration;
			buildSettings = {
				ALWAYS_SEARCH_USER_PATHS = NO;
				CLANG_ANALYZER_NONNULL = YES;
				CLANG_ANALYZER_NUMBER_OBJECT_CONVERSION = YES_AGGRESSIVE;
				CLANG_CXX_LANGUAGE_STANDARD = "gnu++20";
				CLANG_ENABLE_MODULES = YES;
				CLANG_ENABLE_OBJC_ARC = YES;
				CLANG_ENABLE_OBJC_WEAK = YES;
				CLANG_WARN_BLOCK_CAPTURE_AUTORELEASING = YES;
				CLANG_WARN_BOOL_CONVERSION = YES;
				CLANG_WARN_COMMA = YES;
				CLANG_WARN_CONSTANT_CONVERSION = YES;
				CLANG_WARN_DEPRECATED_OBJC_IMPLEMENTATIONS = YES;
				CLANG_WARN_DIRECT_OBJC_ISA_USAGE = YES_ERROR;
				CLANG_WARN_DOCUMENTATION_COMMENTS = YES;
				CLANG_WARN_EMPTY_BODY = YES;
				CLANG_WARN_ENUM_CONVERSION = YES;
				CLANG_WARN_INFINITE_RECURSION = YES;
				CLANG_WARN_INT_CONVERSION = YES;
				CLANG_WARN_NON_LITERAL_NULL_CONVERSION = YES;
				CLANG_WARN_OBJC_IMPLICIT_RETAIN_SELF = YES;
				CLANG_WARN_OBJC_LITERAL_CONVERSION = YES;
				CLANG_WARN_OBJC_ROOT_CLASS = YES_ERROR;
				CLANG_WARN_QUOTED_INCLUDE_IN_FRAMEWORK_HEADER = YES;
				CLANG_WARN_RANGE_LOOP_ANALYSIS = YES;
				CLANG_WARN_STRICT_PROTOTYPES = YES;
				CLANG_WARN_SUSPICIOUS_MOVE = YES;
				CLANG_WARN_UNGUARDED_AVAILABILITY = YES_AGGRESSIVE;
				CLANG_WARN_UNREACHABLE_CODE = YES;
				CLANG_WARN__DUPLICATE_METHOD_MATCH = YES;
				COPY_PHASE_STRIP = NO;
				DEBUG_INFORMATION_FORMAT = dwarf;
				ENABLE_STRICT_OBJC_MSGSEND = YES;
				ENABLE_TESTABILITY = YES;
				GCC_C_LANGUAGE_STANDARD = gnu11;
				GCC_DYNAMIC_NO_PIC = NO;
				GCC_NO_COMMON_BLOCKS = YES;
				GCC_OPTIMIZATION_LEVEL = 0;
				GCC_PREPROCESSOR_DEFINITIONS = (
					"DEBUG=1",
					"$(inherited)",
				);
				GCC_WARN_64_TO_32_BIT_CONVERSION = YES;
				GCC_WARN_ABOUT_RETURN_TYPE = YES_ERROR;
				GCC_WARN_UNDECLARED_SELECTOR = YES;
				GCC_WARN_UNINITIALIZED_AUTOS = YES_AGGRESSIVE;
				GCC_WARN_UNUSED_FUNCTION = YES;
				GCC_WARN_UNUSED_VARIABLE = YES;
				IPHONEOS_DEPLOYMENT_TARGET = 15.0;
				MTL_ENABLE_DEBUG_INFO = INCLUDE_SOURCE;
				MTL_FAST_MATH = YES;
				ONLY_ACTIVE_ARCH = YES;
				SDKROOT = iphoneos;
				SWIFT_ACTIVE_COMPILATION_CONDITIONS = DEBUG;
				SWIFT_OPTIMIZATION_LEVEL = "-Onone";
			};
			name = Debug;
		};
		A6EC73622B1DDDAE0086FEDC /* Release */ = {
			isa = XCBuildConfiguration;
			buildSettings = {
				ALWAYS_SEARCH_USER_PATHS = NO;
				CLANG_ANALYZER_NONNULL = YES;
				CLANG_ANALYZER_NUMBER_OBJECT_CONVERSION = YES_AGGRESSIVE;
				CLANG_CXX_LANGUAGE_STANDARD = "gnu++20";
				CLANG_ENABLE_MODULES = YES;
				CLANG_ENABLE_OBJC_ARC = YES;
				CLANG_ENABLE_OBJC_WEAK = YES;
				CLANG_WARN_BLOCK_CAPTURE_AUTORELEASING = YES;
				CLANG_WARN_BOOL_CONVERSION = YES;
				CLANG_WARN_COMMA = YES;
				CLANG_WARN_CONSTANT_CONVERSION = YES;
				CLANG_WARN_DEPRECATED_OBJC_IMPLEMENTATIONS = YES;
				CLANG_WARN_DIRECT_OBJC_ISA_USAGE = YES_ERROR;
				CLANG_WARN_DOCUMENTATION_COMMENTS = YES;
				CLANG_WARN_EMPTY_BODY = YES;
				CLANG_WARN_ENUM_CONVERSION = YES;
				CLANG_WARN_INFINITE_RECURSION = YES;
				CLANG_WARN_INT_CONVERSION = YES;
				CLANG_WARN_NON_LITERAL_NULL_CONVERSION = YES;
				CLANG_WARN_OBJC_IMPLICIT_RETAIN_SELF = YES;
				CLANG_WARN_OBJC_LITERAL_CONVERSION = YES;
				CLANG_WARN_OBJC_ROOT_CLASS = YES_ERROR;
				CLANG_WARN_QUOTED_INCLUDE_IN_FRAMEWORK_HEADER = YES;
				CLANG_WARN_RANGE_LOOP_ANALYSIS = YES;
				CLANG_WARN_STRICT_PROTOTYPES = YES;
				CLANG_WARN_SUSPICIOUS_MOVE = YES;
				CLANG_WARN_UNGUARDED_AVAILABILITY = YES_AGGRESSIVE;
				CLANG_WARN_UNREACHABLE_CODE = YES;
				CLANG_WARN__DUPLICATE_METHOD_MATCH = YES;
				COPY_PHASE_STRIP = NO;
				DEBUG_INFORMATION_FORMAT = "dwarf-with-dsym";
				ENABLE_NS_ASSERTIONS = NO;
				ENABLE_STRICT_OBJC_MSGSEND = YES;
				GCC_C_LANGUAGE_STANDARD = gnu11;
				GCC_NO_COMMON_BLOCKS = YES;
				GCC_WARN_64_TO_32_BIT_CONVERSION = YES;
				GCC_WARN_ABOUT_RETURN_TYPE = YES_ERROR;
				GCC_WARN_UNDECLARED_SELECTOR = YES;
				GCC_WARN_UNINITIALIZED_AUTOS = YES_AGGRESSIVE;
				GCC_WARN_UNUSED_FUNCTION = YES;
				GCC_WARN_UNUSED_VARIABLE = YES;
				IPHONEOS_DEPLOYMENT_TARGET = 15.0;
				MTL_ENABLE_DEBUG_INFO = NO;
				MTL_FAST_MATH = YES;
				SDKROOT = iphoneos;
				SWIFT_COMPILATION_MODE = wholemodule;
				SWIFT_OPTIMIZATION_LEVEL = "-O";
				VALIDATE_PRODUCT = YES;
			};
			name = Release;
		};
		A6EC73642B1DDDAE0086FEDC /* Debug */ = {
			isa = XCBuildConfiguration;
			buildSettings = {
				ASSETCATALOG_COMPILER_APPICON_NAME = AppIcon;
				ASSETCATALOG_COMPILER_GLOBAL_ACCENT_COLOR_NAME = AccentColor;
				CODE_SIGN_STYLE = Automatic;
				CURRENT_PROJECT_VERSION = 1;
				DEVELOPMENT_ASSET_PATHS = "\"SwiftUI-MVVM/Preview Content\"";
				DEVELOPMENT_TEAM = HU8RMC793N;
				ENABLE_PREVIEWS = YES;
				GENERATE_INFOPLIST_FILE = YES;
				INFOPLIST_KEY_UIApplicationSceneManifest_Generation = YES;
				INFOPLIST_KEY_UIApplicationSupportsIndirectInputEvents = YES;
				INFOPLIST_KEY_UILaunchScreen_Generation = YES;
				INFOPLIST_KEY_UISupportedInterfaceOrientations_iPad = "UIInterfaceOrientationPortrait UIInterfaceOrientationPortraitUpsideDown UIInterfaceOrientationLandscapeLeft UIInterfaceOrientationLandscapeRight";
				INFOPLIST_KEY_UISupportedInterfaceOrientations_iPhone = "UIInterfaceOrientationPortrait UIInterfaceOrientationLandscapeLeft UIInterfaceOrientationLandscapeRight";
				LD_RUNPATH_SEARCH_PATHS = (
					"$(inherited)",
					"@executable_path/Frameworks",
				);
				MARKETING_VERSION = 1.0;
				PRODUCT_BUNDLE_IDENTIFIER = "kr.textobey.SwiftUI-MVVM";
				PRODUCT_NAME = "$(TARGET_NAME)";
				SWIFT_EMIT_LOC_STRINGS = YES;
				SWIFT_VERSION = 5.0;
				TARGETED_DEVICE_FAMILY = "1,2";
			};
			name = Debug;
		};
		A6EC73652B1DDDAE0086FEDC /* Release */ = {
			isa = XCBuildConfiguration;
			buildSettings = {
				ASSETCATALOG_COMPILER_APPICON_NAME = AppIcon;
				ASSETCATALOG_COMPILER_GLOBAL_ACCENT_COLOR_NAME = AccentColor;
				CODE_SIGN_STYLE = Automatic;
				CURRENT_PROJECT_VERSION = 1;
				DEVELOPMENT_ASSET_PATHS = "\"SwiftUI-MVVM/Preview Content\"";
				DEVELOPMENT_TEAM = HU8RMC793N;
				ENABLE_PREVIEWS = YES;
				GENERATE_INFOPLIST_FILE = YES;
				INFOPLIST_KEY_UIApplicationSceneManifest_Generation = YES;
				INFOPLIST_KEY_UIApplicationSupportsIndirectInputEvents = YES;
				INFOPLIST_KEY_UILaunchScreen_Generation = YES;
				INFOPLIST_KEY_UISupportedInterfaceOrientations_iPad = "UIInterfaceOrientationPortrait UIInterfaceOrientationPortraitUpsideDown UIInterfaceOrientationLandscapeLeft UIInterfaceOrientationLandscapeRight";
				INFOPLIST_KEY_UISupportedInterfaceOrientations_iPhone = "UIInterfaceOrientationPortrait UIInterfaceOrientationLandscapeLeft UIInterfaceOrientationLandscapeRight";
				LD_RUNPATH_SEARCH_PATHS = (
					"$(inherited)",
					"@executable_path/Frameworks",
				);
				MARKETING_VERSION = 1.0;
				PRODUCT_BUNDLE_IDENTIFIER = "kr.textobey.SwiftUI-MVVM";
				PRODUCT_NAME = "$(TARGET_NAME)";
				SWIFT_EMIT_LOC_STRINGS = YES;
				SWIFT_VERSION = 5.0;
				TARGETED_DEVICE_FAMILY = "1,2";
			};
			name = Release;
		};
		A6EC73672B1DDDAE0086FEDC /* Debug */ = {
			isa = XCBuildConfiguration;
			buildSettings = {
				ALWAYS_EMBED_SWIFT_STANDARD_LIBRARIES = YES;
				BUNDLE_LOADER = "$(TEST_HOST)";
				CODE_SIGN_STYLE = Automatic;
				CURRENT_PROJECT_VERSION = 1;
				DEVELOPMENT_TEAM = HU8RMC793N;
				GENERATE_INFOPLIST_FILE = YES;
				IPHONEOS_DEPLOYMENT_TARGET = 16.4;
				MARKETING_VERSION = 1.0;
				PRODUCT_BUNDLE_IDENTIFIER = "kr.textobey.SwiftUI-MVVMTests";
				PRODUCT_NAME = "$(TARGET_NAME)";
				SWIFT_EMIT_LOC_STRINGS = NO;
				SWIFT_VERSION = 5.0;
				TARGETED_DEVICE_FAMILY = "1,2";
				TEST_HOST = "$(BUILT_PRODUCTS_DIR)/SwiftUI-MVVM.app/$(BUNDLE_EXECUTABLE_FOLDER_PATH)/SwiftUI-MVVM";
			};
			name = Debug;
		};
		A6EC73682B1DDDAE0086FEDC /* Release */ = {
			isa = XCBuildConfiguration;
			buildSettings = {
				ALWAYS_EMBED_SWIFT_STANDARD_LIBRARIES = YES;
				BUNDLE_LOADER = "$(TEST_HOST)";
				CODE_SIGN_STYLE = Automatic;
				CURRENT_PROJECT_VERSION = 1;
				DEVELOPMENT_TEAM = HU8RMC793N;
				GENERATE_INFOPLIST_FILE = YES;
				IPHONEOS_DEPLOYMENT_TARGET = 16.4;
				MARKETING_VERSION = 1.0;
				PRODUCT_BUNDLE_IDENTIFIER = "kr.textobey.SwiftUI-MVVMTests";
				PRODUCT_NAME = "$(TARGET_NAME)";
				SWIFT_EMIT_LOC_STRINGS = NO;
				SWIFT_VERSION = 5.0;
				TARGETED_DEVICE_FAMILY = "1,2";
				TEST_HOST = "$(BUILT_PRODUCTS_DIR)/SwiftUI-MVVM.app/$(BUNDLE_EXECUTABLE_FOLDER_PATH)/SwiftUI-MVVM";
			};
			name = Release;
		};
		A6EC736A2B1DDDAE0086FEDC /* Debug */ = {
			isa = XCBuildConfiguration;
			buildSettings = {
				ALWAYS_EMBED_SWIFT_STANDARD_LIBRARIES = YES;
				CODE_SIGN_STYLE = Automatic;
				CURRENT_PROJECT_VERSION = 1;
				DEVELOPMENT_TEAM = HU8RMC793N;
				GENERATE_INFOPLIST_FILE = YES;
				MARKETING_VERSION = 1.0;
				PRODUCT_BUNDLE_IDENTIFIER = "kr.textobey.SwiftUI-MVVMUITests";
				PRODUCT_NAME = "$(TARGET_NAME)";
				SWIFT_EMIT_LOC_STRINGS = NO;
				SWIFT_VERSION = 5.0;
				TARGETED_DEVICE_FAMILY = "1,2";
				TEST_TARGET_NAME = "SwiftUI-MVVM";
			};
			name = Debug;
		};
		A6EC736B2B1DDDAE0086FEDC /* Release */ = {
			isa = XCBuildConfiguration;
			buildSettings = {
				ALWAYS_EMBED_SWIFT_STANDARD_LIBRARIES = YES;
				CODE_SIGN_STYLE = Automatic;
				CURRENT_PROJECT_VERSION = 1;
				DEVELOPMENT_TEAM = HU8RMC793N;
				GENERATE_INFOPLIST_FILE = YES;
				MARKETING_VERSION = 1.0;
				PRODUCT_BUNDLE_IDENTIFIER = "kr.textobey.SwiftUI-MVVMUITests";
				PRODUCT_NAME = "$(TARGET_NAME)";
				SWIFT_EMIT_LOC_STRINGS = NO;
				SWIFT_VERSION = 5.0;
				TARGETED_DEVICE_FAMILY = "1,2";
				TEST_TARGET_NAME = "SwiftUI-MVVM";
			};
			name = Release;
		};
/* End XCBuildConfiguration section */

/* Begin XCConfigurationList section */
		A6EC733A2B1DDDAD0086FEDC /* Build configuration list for PBXProject "SwiftUI-MVVM" */ = {
			isa = XCConfigurationList;
			buildConfigurations = (
				A6EC73612B1DDDAE0086FEDC /* Debug */,
				A6EC73622B1DDDAE0086FEDC /* Release */,
			);
			defaultConfigurationIsVisible = 0;
			defaultConfigurationName = Release;
		};
		A6EC73632B1DDDAE0086FEDC /* Build configuration list for PBXNativeTarget "SwiftUI-MVVM" */ = {
			isa = XCConfigurationList;
			buildConfigurations = (
				A6EC73642B1DDDAE0086FEDC /* Debug */,
				A6EC73652B1DDDAE0086FEDC /* Release */,
			);
			defaultConfigurationIsVisible = 0;
			defaultConfigurationName = Release;
		};
		A6EC73662B1DDDAE0086FEDC /* Build configuration list for PBXNativeTarget "SwiftUI-MVVMTests" */ = {
			isa = XCConfigurationList;
			buildConfigurations = (
				A6EC73672B1DDDAE0086FEDC /* Debug */,
				A6EC73682B1DDDAE0086FEDC /* Release */,
			);
			defaultConfigurationIsVisible = 0;
			defaultConfigurationName = Release;
		};
		A6EC73692B1DDDAE0086FEDC /* Build configuration list for PBXNativeTarget "SwiftUI-MVVMUITests" */ = {
			isa = XCConfigurationList;
			buildConfigurations = (
				A6EC736A2B1DDDAE0086FEDC /* Debug */,
				A6EC736B2B1DDDAE0086FEDC /* Release */,
			);
			defaultConfigurationIsVisible = 0;
			defaultConfigurationName = Release;
		};
/* End XCConfigurationList section */
	};
	rootObject = A6EC73372B1DDDAD0086FEDC /* Project object */;
}
