// !$*UTF8*$!
{
	archiveVersion = 1;
	classes = {
	};
	objectVersion = 56;
	objects = {

/* Begin PBXBuildFile section */
		A600FDBB2939DE9B00D62397 /* ReturnResultKit.swift in Sources */ = {isa = PBXBuildFile; fileRef = A600FDBA2939DE9B00D62397 /* ReturnResultKit.swift */; };
		A608DC57296FFBA1004FB4CB /* BaseService.swift in Sources */ = {isa = PBXBuildFile; fileRef = A608DC56296FFBA1004FB4CB /* BaseService.swift */; };
		A608DC59296FFBDE004FB4CB /* ServiceProviderType.swift in Sources */ = {isa = PBXBuildFile; fileRef = A608DC58296FFBDE004FB4CB /* ServiceProviderType.swift */; };
		A60A2115294BF98400FED842 /* UITableView+.swift in Sources */ = {isa = PBXBuildFile; fileRef = A60A2114294BF98400FED842 /* UITableView+.swift */; };
		A60D6F88293DCD8400F71CD3 /* UIScrollView+.swift in Sources */ = {isa = PBXBuildFile; fileRef = A60D6F87293DCD8400F71CD3 /* UIScrollView+.swift */; };
		A60D6F8A293DD0C700F71CD3 /* Array+.swift in Sources */ = {isa = PBXBuildFile; fileRef = A60D6F89293DD0C700F71CD3 /* Array+.swift */; };
		A60EA06F29374A7F0064D21E /* AppDelegate.swift in Sources */ = {isa = PBXBuildFile; fileRef = A60EA06E29374A7F0064D21E /* AppDelegate.swift */; };
		A60EA07129374A7F0064D21E /* SceneDelegate.swift in Sources */ = {isa = PBXBuildFile; fileRef = A60EA07029374A7F0064D21E /* SceneDelegate.swift */; };
		A60EA07829374A800064D21E /* Assets.xcassets in Resources */ = {isa = PBXBuildFile; fileRef = A60EA07729374A800064D21E /* Assets.xcassets */; };
		A60EA07B29374A800064D21E /* LaunchScreen.storyboard in Resources */ = {isa = PBXBuildFile; fileRef = A60EA07929374A800064D21E /* LaunchScreen.storyboard */; };
		A60EA08629374A800064D21E /* Book_ReactorKitTests.swift in Sources */ = {isa = PBXBuildFile; fileRef = A60EA08529374A800064D21E /* Book_ReactorKitTests.swift */; };
		A60EA09029374A800064D21E /* Book_ReactorKitUITests.swift in Sources */ = {isa = PBXBuildFile; fileRef = A60EA08F29374A800064D21E /* Book_ReactorKitUITests.swift */; };
		A60EA09229374A800064D21E /* Book_ReactorKitUITestsLaunchTests.swift in Sources */ = {isa = PBXBuildFile; fileRef = A60EA09129374A800064D21E /* Book_ReactorKitUITestsLaunchTests.swift */; };
		A62D0AB029765E3200A947CF /* InternalNotificationService.swift in Sources */ = {isa = PBXBuildFile; fileRef = A62D0AAF29765E3200A947CF /* InternalNotificationService.swift */; };
		A62D0AB229766A1000A947CF /* ObservableType+.swift in Sources */ = {isa = PBXBuildFile; fileRef = A62D0AB129766A1000A947CF /* ObservableType+.swift */; };
		A65A2CBD293883DD005BC930 /* ReactorKit in Frameworks */ = {isa = PBXBuildFile; productRef = A65A2CBC293883DD005BC930 /* ReactorKit */; };
		A65A2CC02938841C005BC930 /* SnapKit in Frameworks */ = {isa = PBXBuildFile; productRef = A65A2CBF2938841C005BC930 /* SnapKit */; };
		A65A2CC329388442005BC930 /* Kingfisher in Frameworks */ = {isa = PBXBuildFile; productRef = A65A2CC229388442005BC930 /* Kingfisher */; };
		A65A2CC6293884A7005BC930 /* Alamofire in Frameworks */ = {isa = PBXBuildFile; productRef = A65A2CC5293884A7005BC930 /* Alamofire */; };
		A65A2CCB293885C4005BC930 /* UIBaseTabBarController.swift in Sources */ = {isa = PBXBuildFile; fileRef = A65A2CCA293885C4005BC930 /* UIBaseTabBarController.swift */; };
		A65A2CD029388728005BC930 /* NewBookViewController.swift in Sources */ = {isa = PBXBuildFile; fileRef = A65A2CCF29388728005BC930 /* NewBookViewController.swift */; };
		A65A2CD529388F31005BC930 /* Then.swift in Sources */ = {isa = PBXBuildFile; fileRef = A65A2CD429388F31005BC930 /* Then.swift */; };
		A678043E293DC2E60014433C /* UIViewController+Rx.swift in Sources */ = {isa = PBXBuildFile; fileRef = A678043D293DC2E60014433C /* UIViewController+Rx.swift */; };
		A67C02A4293DD9A300B47E37 /* BookDetailViewController.swift in Sources */ = {isa = PBXBuildFile; fileRef = A67C02A3293DD9A300B47E37 /* BookDetailViewController.swift */; };
		A67C02A7293DDA0C00B47E37 /* BookDetailView.swift in Sources */ = {isa = PBXBuildFile; fileRef = A67C02A6293DDA0C00B47E37 /* BookDetailView.swift */; };
		A67C02AB293DDA9700B47E37 /* BookDetailReactor.swift in Sources */ = {isa = PBXBuildFile; fileRef = A67C02AA293DDA9700B47E37 /* BookDetailReactor.swift */; };
		A684B8782938907500D6B5E1 /* NewBookView.swift in Sources */ = {isa = PBXBuildFile; fileRef = A684B8772938907500D6B5E1 /* NewBookView.swift */; };
		A684B87A2938907F00D6B5E1 /* NewBookReactor.swift in Sources */ = {isa = PBXBuildFile; fileRef = A684B8792938907F00D6B5E1 /* NewBookReactor.swift */; };
		A684B87D2938910E00D6B5E1 /* RxCocoa in Frameworks */ = {isa = PBXBuildFile; productRef = A684B87C2938910E00D6B5E1 /* RxCocoa */; };
		A684B8802938970200D6B5E1 /* NewBookTableViewCell.swift in Sources */ = {isa = PBXBuildFile; fileRef = A684B87F2938970200D6B5E1 /* NewBookTableViewCell.swift */; };
		A684B8822938973300D6B5E1 /* NewBookContentView.swift in Sources */ = {isa = PBXBuildFile; fileRef = A684B8812938973300D6B5E1 /* NewBookContentView.swift */; };
		A684B886293897E100D6B5E1 /* BookModel.swift in Sources */ = {isa = PBXBuildFile; fileRef = A684B885293897E100D6B5E1 /* BookModel.swift */; };
		A684B8882938981D00D6B5E1 /* Enums.swift in Sources */ = {isa = PBXBuildFile; fileRef = A684B8872938981D00D6B5E1 /* Enums.swift */; };
		A684B88A2938984900D6B5E1 /* BookItem.swift in Sources */ = {isa = PBXBuildFile; fileRef = A684B8892938984900D6B5E1 /* BookItem.swift */; };
		A684B88D2938991700D6B5E1 /* NetworkService.swift in Sources */ = {isa = PBXBuildFile; fileRef = A684B88C2938991700D6B5E1 /* NetworkService.swift */; };
		A6A4C952294ADCE700E3EF1A /* GlobalEvents.swift in Sources */ = {isa = PBXBuildFile; fileRef = A6A4C951294ADCE700E3EF1A /* GlobalEvents.swift */; };
		A6B2E00A2977C02500073DF4 /* Reactor+.swift in Sources */ = {isa = PBXBuildFile; fileRef = A6B2E0092977C02500073DF4 /* Reactor+.swift */; };
		A6E40318294C49A300AD788B /* Defaults.swift in Sources */ = {isa = PBXBuildFile; fileRef = A6E40317294C49A300AD788B /* Defaults.swift */; };
		A6E4031A294C4BA200AD788B /* UserDefaultsService.swift in Sources */ = {isa = PBXBuildFile; fileRef = A6E40319294C4BA200AD788B /* UserDefaultsService.swift */; };
		A6E8AF06293F0C4900D9ABB2 /* SearchBookViewController.swift in Sources */ = {isa = PBXBuildFile; fileRef = A6E8AF05293F0C4900D9ABB2 /* SearchBookViewController.swift */; };
		A6E8AF08293F0C5300D9ABB2 /* SearchBookView.swift in Sources */ = {isa = PBXBuildFile; fileRef = A6E8AF07293F0C5300D9ABB2 /* SearchBookView.swift */; };
		A6E8AF0A293F0C5A00D9ABB2 /* SearchBookReactor.swift in Sources */ = {isa = PBXBuildFile; fileRef = A6E8AF09293F0C5A00D9ABB2 /* SearchBookReactor.swift */; };
		A6E8AF0D293F152900D9ABB2 /* SearchBookTableViewCell.swift in Sources */ = {isa = PBXBuildFile; fileRef = A6E8AF0C293F152900D9ABB2 /* SearchBookTableViewCell.swift */; };
/* End PBXBuildFile section */

/* Begin PBXContainerItemProxy section */
		A60EA08229374A800064D21E /* PBXContainerItemProxy */ = {
			isa = PBXContainerItemProxy;
			containerPortal = A60EA06329374A7F0064D21E /* Project object */;
			proxyType = 1;
			remoteGlobalIDString = A60EA06A29374A7F0064D21E;
			remoteInfo = "Book-ReactorKit";
		};
		A60EA08C29374A800064D21E /* PBXContainerItemProxy */ = {
			isa = PBXContainerItemProxy;
			containerPortal = A60EA06329374A7F0064D21E /* Project object */;
			proxyType = 1;
			remoteGlobalIDString = A60EA06A29374A7F0064D21E;
			remoteInfo = "Book-ReactorKit";
		};
/* End PBXContainerItemProxy section */

/* Begin PBXFileReference section */
		A600FDBA2939DE9B00D62397 /* ReturnResultKit.swift */ = {isa = PBXFileReference; lastKnownFileType = sourcecode.swift; path = ReturnResultKit.swift; sourceTree = "<group>"; };
		A608DC56296FFBA1004FB4CB /* BaseService.swift */ = {isa = PBXFileReference; lastKnownFileType = sourcecode.swift; path = BaseService.swift; sourceTree = "<group>"; };
		A608DC58296FFBDE004FB4CB /* ServiceProviderType.swift */ = {isa = PBXFileReference; lastKnownFileType = sourcecode.swift; path = ServiceProviderType.swift; sourceTree = "<group>"; };
		A60A2114294BF98400FED842 /* UITableView+.swift */ = {isa = PBXFileReference; lastKnownFileType = sourcecode.swift; path = "UITableView+.swift"; sourceTree = "<group>"; };
		A60D6F87293DCD8400F71CD3 /* UIScrollView+.swift */ = {isa = PBXFileReference; lastKnownFileType = sourcecode.swift; path = "UIScrollView+.swift"; sourceTree = "<group>"; };
		A60D6F89293DD0C700F71CD3 /* Array+.swift */ = {isa = PBXFileReference; lastKnownFileType = sourcecode.swift; path = "Array+.swift"; sourceTree = "<group>"; };
		A60EA06B29374A7F0064D21E /* Book-ReactorKit.app */ = {isa = PBXFileReference; explicitFileType = wrapper.application; includeInIndex = 0; path = "Book-ReactorKit.app"; sourceTree = BUILT_PRODUCTS_DIR; };
		A60EA06E29374A7F0064D21E /* AppDelegate.swift */ = {isa = PBXFileReference; lastKnownFileType = sourcecode.swift; path = AppDelegate.swift; sourceTree = "<group>"; };
		A60EA07029374A7F0064D21E /* SceneDelegate.swift */ = {isa = PBXFileReference; lastKnownFileType = sourcecode.swift; path = SceneDelegate.swift; sourceTree = "<group>"; };
		A60EA07729374A800064D21E /* Assets.xcassets */ = {isa = PBXFileReference; lastKnownFileType = folder.assetcatalog; path = Assets.xcassets; sourceTree = "<group>"; };
		A60EA07A29374A800064D21E /* Base */ = {isa = PBXFileReference; lastKnownFileType = file.storyboard; name = Base; path = Base.lproj/LaunchScreen.storyboard; sourceTree = "<group>"; };
		A60EA07C29374A800064D21E /* Info.plist */ = {isa = PBXFileReference; lastKnownFileType = text.plist.xml; path = Info.plist; sourceTree = "<group>"; };
		A60EA08129374A800064D21E /* Book-ReactorKitTests.xctest */ = {isa = PBXFileReference; explicitFileType = wrapper.cfbundle; includeInIndex = 0; path = "Book-ReactorKitTests.xctest"; sourceTree = BUILT_PRODUCTS_DIR; };
		A60EA08529374A800064D21E /* Book_ReactorKitTests.swift */ = {isa = PBXFileReference; lastKnownFileType = sourcecode.swift; path = Book_ReactorKitTests.swift; sourceTree = "<group>"; };
		A60EA08B29374A800064D21E /* Book-ReactorKitUITests.xctest */ = {isa = PBXFileReference; explicitFileType = wrapper.cfbundle; includeInIndex = 0; path = "Book-ReactorKitUITests.xctest"; sourceTree = BUILT_PRODUCTS_DIR; };
		A60EA08F29374A800064D21E /* Book_ReactorKitUITests.swift */ = {isa = PBXFileReference; lastKnownFileType = sourcecode.swift; path = Book_ReactorKitUITests.swift; sourceTree = "<group>"; };
		A60EA09129374A800064D21E /* Book_ReactorKitUITestsLaunchTests.swift */ = {isa = PBXFileReference; lastKnownFileType = sourcecode.swift; path = Book_ReactorKitUITestsLaunchTests.swift; sourceTree = "<group>"; };
		A62D0AAF29765E3200A947CF /* InternalNotificationService.swift */ = {isa = PBXFileReference; lastKnownFileType = sourcecode.swift; path = InternalNotificationService.swift; sourceTree = "<group>"; };
		A62D0AB129766A1000A947CF /* ObservableType+.swift */ = {isa = PBXFileReference; lastKnownFileType = sourcecode.swift; path = "ObservableType+.swift"; sourceTree = "<group>"; };
		A65A2CCA293885C4005BC930 /* UIBaseTabBarController.swift */ = {isa = PBXFileReference; lastKnownFileType = sourcecode.swift; path = UIBaseTabBarController.swift; sourceTree = "<group>"; };
		A65A2CCF29388728005BC930 /* NewBookViewController.swift */ = {isa = PBXFileReference; lastKnownFileType = sourcecode.swift; path = NewBookViewController.swift; sourceTree = "<group>"; };
		A65A2CD429388F31005BC930 /* Then.swift */ = {isa = PBXFileReference; lastKnownFileType = sourcecode.swift; path = Then.swift; sourceTree = "<group>"; };
		A678043D293DC2E60014433C /* UIViewController+Rx.swift */ = {isa = PBXFileReference; lastKnownFileType = sourcecode.swift; path = "UIViewController+Rx.swift"; sourceTree = "<group>"; };
		A67C02A3293DD9A300B47E37 /* BookDetailViewController.swift */ = {isa = PBXFileReference; lastKnownFileType = sourcecode.swift; path = BookDetailViewController.swift; sourceTree = "<group>"; };
		A67C02A6293DDA0C00B47E37 /* BookDetailView.swift */ = {isa = PBXFileReference; lastKnownFileType = sourcecode.swift; path = BookDetailView.swift; sourceTree = "<group>"; };
		A67C02AA293DDA9700B47E37 /* BookDetailReactor.swift */ = {isa = PBXFileReference; lastKnownFileType = sourcecode.swift; path = BookDetailReactor.swift; sourceTree = "<group>"; };
		A684B8772938907500D6B5E1 /* NewBookView.swift */ = {isa = PBXFileReference; lastKnownFileType = sourcecode.swift; path = NewBookView.swift; sourceTree = "<group>"; };
		A684B8792938907F00D6B5E1 /* NewBookReactor.swift */ = {isa = PBXFileReference; lastKnownFileType = sourcecode.swift; path = NewBookReactor.swift; sourceTree = "<group>"; };
		A684B87F2938970200D6B5E1 /* NewBookTableViewCell.swift */ = {isa = PBXFileReference; lastKnownFileType = sourcecode.swift; path = NewBookTableViewCell.swift; sourceTree = "<group>"; };
		A684B8812938973300D6B5E1 /* NewBookContentView.swift */ = {isa = PBXFileReference; lastKnownFileType = sourcecode.swift; path = NewBookContentView.swift; sourceTree = "<group>"; };
		A684B885293897E100D6B5E1 /* BookModel.swift */ = {isa = PBXFileReference; lastKnownFileType = sourcecode.swift; path = BookModel.swift; sourceTree = "<group>"; };
		A684B8872938981D00D6B5E1 /* Enums.swift */ = {isa = PBXFileReference; lastKnownFileType = sourcecode.swift; path = Enums.swift; sourceTree = "<group>"; };
		A684B8892938984900D6B5E1 /* BookItem.swift */ = {isa = PBXFileReference; lastKnownFileType = sourcecode.swift; path = BookItem.swift; sourceTree = "<group>"; };
		A684B88C2938991700D6B5E1 /* NetworkService.swift */ = {isa = PBXFileReference; lastKnownFileType = sourcecode.swift; path = NetworkService.swift; sourceTree = "<group>"; };
		A6A4C951294ADCE700E3EF1A /* GlobalEvents.swift */ = {isa = PBXFileReference; lastKnownFileType = sourcecode.swift; path = GlobalEvents.swift; sourceTree = "<group>"; };
		A6B2E0092977C02500073DF4 /* Reactor+.swift */ = {isa = PBXFileReference; lastKnownFileType = sourcecode.swift; path = "Reactor+.swift"; sourceTree = "<group>"; };
		A6E40317294C49A300AD788B /* Defaults.swift */ = {isa = PBXFileReference; lastKnownFileType = sourcecode.swift; path = Defaults.swift; sourceTree = "<group>"; };
		A6E40319294C4BA200AD788B /* UserDefaultsService.swift */ = {isa = PBXFileReference; lastKnownFileType = sourcecode.swift; path = UserDefaultsService.swift; sourceTree = "<group>"; };
		A6E8AF05293F0C4900D9ABB2 /* SearchBookViewController.swift */ = {isa = PBXFileReference; lastKnownFileType = sourcecode.swift; path = SearchBookViewController.swift; sourceTree = "<group>"; };
		A6E8AF07293F0C5300D9ABB2 /* SearchBookView.swift */ = {isa = PBXFileReference; lastKnownFileType = sourcecode.swift; path = SearchBookView.swift; sourceTree = "<group>"; };
		A6E8AF09293F0C5A00D9ABB2 /* SearchBookReactor.swift */ = {isa = PBXFileReference; lastKnownFileType = sourcecode.swift; path = SearchBookReactor.swift; sourceTree = "<group>"; };
		A6E8AF0C293F152900D9ABB2 /* SearchBookTableViewCell.swift */ = {isa = PBXFileReference; lastKnownFileType = sourcecode.swift; path = SearchBookTableViewCell.swift; sourceTree = "<group>"; };
/* End PBXFileReference section */

/* Begin PBXFrameworksBuildPhase section */
		A60EA06829374A7F0064D21E /* Frameworks */ = {
			isa = PBXFrameworksBuildPhase;
			buildActionMask = 2147483647;
			files = (
				A65A2CC329388442005BC930 /* Kingfisher in Frameworks */,
				A65A2CC6293884A7005BC930 /* Alamofire in Frameworks */,
				A684B87D2938910E00D6B5E1 /* RxCocoa in Frameworks */,
				A65A2CBD293883DD005BC930 /* ReactorKit in Frameworks */,
				A65A2CC02938841C005BC930 /* SnapKit in Frameworks */,
			);
			runOnlyForDeploymentPostprocessing = 0;
		};
		A60EA07E29374A800064D21E /* Frameworks */ = {
			isa = PBXFrameworksBuildPhase;
			buildActionMask = 2147483647;
			files = (
			);
			runOnlyForDeploymentPostprocessing = 0;
		};
		A60EA08829374A800064D21E /* Frameworks */ = {
			isa = PBXFrameworksBuildPhase;
			buildActionMask = 2147483647;
			files = (
			);
			runOnlyForDeploymentPostprocessing = 0;
		};
/* End PBXFrameworksBuildPhase section */

/* Begin PBXGroup section */
		A600FDB72939DD5C00D62397 /* Extension */ = {
			isa = PBXGroup;
			children = (
				A678043C293DC2CA0014433C /* Rx+ */,
				A600FDBA2939DE9B00D62397 /* ReturnResultKit.swift */,
				A60D6F87293DCD8400F71CD3 /* UIScrollView+.swift */,
				A60A2114294BF98400FED842 /* UITableView+.swift */,
				A60D6F89293DD0C700F71CD3 /* Array+.swift */,
			);
			path = Extension;
			sourceTree = "<group>";
		};
		A60EA06229374A7F0064D21E = {
			isa = PBXGroup;
			children = (
				A60EA06D29374A7F0064D21E /* Book-ReactorKit */,
				A60EA08429374A800064D21E /* Book-ReactorKitTests */,
				A60EA08E29374A800064D21E /* Book-ReactorKitUITests */,
				A60EA06C29374A7F0064D21E /* Products */,
			);
			sourceTree = "<group>";
		};
		A60EA06C29374A7F0064D21E /* Products */ = {
			isa = PBXGroup;
			children = (
				A60EA06B29374A7F0064D21E /* Book-ReactorKit.app */,
				A60EA08129374A800064D21E /* Book-ReactorKitTests.xctest */,
				A60EA08B29374A800064D21E /* Book-ReactorKitUITests.xctest */,
			);
			name = Products;
			sourceTree = "<group>";
		};
		A60EA06D29374A7F0064D21E /* Book-ReactorKit */ = {
			isa = PBXGroup;
			children = (
				A60EA07C29374A800064D21E /* Info.plist */,
				A684B883293897BC00D6B5E1 /* Application */,
				A65A2CC929388587005BC930 /* Bases */,
				A600FDB72939DD5C00D62397 /* Extension */,
				A65A2CD329388F23005BC930 /* Foundation */,
				A65A2CC729388534005BC930 /* Features */,
				A65A2CC829388551005BC930 /* Resources */,
				A684B884293897CB00D6B5E1 /* Model */,
				A684B88B2938990100D6B5E1 /* Network */,
				A62BD0E22948028A00B96EEC /* Services */,
			);
			path = "Book-ReactorKit";
			sourceTree = "<group>";
		};
		A60EA08429374A800064D21E /* Book-ReactorKitTests */ = {
			isa = PBXGroup;
			children = (
				A60EA08529374A800064D21E /* Book_ReactorKitTests.swift */,
			);
			path = "Book-ReactorKitTests";
			sourceTree = "<group>";
		};
		A60EA08E29374A800064D21E /* Book-ReactorKitUITests */ = {
			isa = PBXGroup;
			children = (
				A60EA08F29374A800064D21E /* Book_ReactorKitUITests.swift */,
				A60EA09129374A800064D21E /* Book_ReactorKitUITestsLaunchTests.swift */,
			);
			path = "Book-ReactorKitUITests";
			sourceTree = "<group>";
		};
		A62BD0E22948028A00B96EEC /* Services */ = {
			isa = PBXGroup;
			children = (
				A6A4C951294ADCE700E3EF1A /* GlobalEvents.swift */,
				A608DC56296FFBA1004FB4CB /* BaseService.swift */,
				A608DC58296FFBDE004FB4CB /* ServiceProviderType.swift */,
				A6E40319294C4BA200AD788B /* UserDefaultsService.swift */,
				A62D0AAF29765E3200A947CF /* InternalNotificationService.swift */,
			);
			path = Services;
			sourceTree = "<group>";
		};
		A65A2CC729388534005BC930 /* Features */ = {
			isa = PBXGroup;
			children = (
				A65A2CCC293885D4005BC930 /* NewBook */,
				A65A2CCE29388604005BC930 /* Search */,
				A65A2CCD293885EC005BC930 /* BookDetail */,
			);
			path = Features;
			sourceTree = "<group>";
		};
		A65A2CC829388551005BC930 /* Resources */ = {
			isa = PBXGroup;
			children = (
				A60EA07729374A800064D21E /* Assets.xcassets */,
				A60EA07929374A800064D21E /* LaunchScreen.storyboard */,
			);
			path = Resources;
			sourceTree = "<group>";
		};
		A65A2CC929388587005BC930 /* Bases */ = {
			isa = PBXGroup;
			children = (
				A65A2CCA293885C4005BC930 /* UIBaseTabBarController.swift */,
			);
			path = Bases;
			sourceTree = "<group>";
		};
		A65A2CCC293885D4005BC930 /* NewBook */ = {
			isa = PBXGroup;
			children = (
				A684B87E293896E500D6B5E1 /* Subviews */,
				A684B8772938907500D6B5E1 /* NewBookView.swift */,
				A684B8792938907F00D6B5E1 /* NewBookReactor.swift */,
				A65A2CCF29388728005BC930 /* NewBookViewController.swift */,
			);
			path = NewBook;
			sourceTree = "<group>";
		};
		A65A2CCD293885EC005BC930 /* BookDetail */ = {
			isa = PBXGroup;
			children = (
				A67C02A6293DDA0C00B47E37 /* BookDetailView.swift */,
				A67C02AA293DDA9700B47E37 /* BookDetailReactor.swift */,
				A67C02A3293DD9A300B47E37 /* BookDetailViewController.swift */,
			);
			path = BookDetail;
			sourceTree = "<group>";
		};
		A65A2CCE29388604005BC930 /* Search */ = {
			isa = PBXGroup;
			children = (
				A6E8AF0B293F14FC00D9ABB2 /* Subviews */,
				A6E8AF07293F0C5300D9ABB2 /* SearchBookView.swift */,
				A6E8AF09293F0C5A00D9ABB2 /* SearchBookReactor.swift */,
				A6E8AF05293F0C4900D9ABB2 /* SearchBookViewController.swift */,
			);
			path = Search;
			sourceTree = "<group>";
		};
		A65A2CD329388F23005BC930 /* Foundation */ = {
			isa = PBXGroup;
			children = (
				A65A2CD429388F31005BC930 /* Then.swift */,
				A6E40317294C49A300AD788B /* Defaults.swift */,
			);
			path = Foundation;
			sourceTree = "<group>";
		};
		A678043C293DC2CA0014433C /* Rx+ */ = {
			isa = PBXGroup;
			children = (
				A678043D293DC2E60014433C /* UIViewController+Rx.swift */,
				A62D0AB129766A1000A947CF /* ObservableType+.swift */,
				A6B2E0092977C02500073DF4 /* Reactor+.swift */,
			);
			path = "Rx+";
			sourceTree = "<group>";
		};
		A684B87E293896E500D6B5E1 /* Subviews */ = {
			isa = PBXGroup;
			children = (
				A684B87F2938970200D6B5E1 /* NewBookTableViewCell.swift */,
				A684B8812938973300D6B5E1 /* NewBookContentView.swift */,
			);
			path = Subviews;
			sourceTree = "<group>";
		};
		A684B883293897BC00D6B5E1 /* Application */ = {
			isa = PBXGroup;
			children = (
				A60EA06E29374A7F0064D21E /* AppDelegate.swift */,
				A60EA07029374A7F0064D21E /* SceneDelegate.swift */,
			);
			path = Application;
			sourceTree = "<group>";
		};
		A684B884293897CB00D6B5E1 /* Model */ = {
			isa = PBXGroup;
			children = (
				A684B8872938981D00D6B5E1 /* Enums.swift */,
				A684B885293897E100D6B5E1 /* BookModel.swift */,
				A684B8892938984900D6B5E1 /* BookItem.swift */,
			);
			path = Model;
			sourceTree = "<group>";
		};
		A684B88B2938990100D6B5E1 /* Network */ = {
			isa = PBXGroup;
			children = (
				A684B88C2938991700D6B5E1 /* NetworkService.swift */,
			);
			path = Network;
			sourceTree = "<group>";
		};
		A6E8AF0B293F14FC00D9ABB2 /* Subviews */ = {
			isa = PBXGroup;
			children = (
				A6E8AF0C293F152900D9ABB2 /* SearchBookTableViewCell.swift */,
			);
			path = Subviews;
			sourceTree = "<group>";
		};
/* End PBXGroup section */

/* Begin PBXNativeTarget section */
		A60EA06A29374A7F0064D21E /* Book-ReactorKit */ = {
			isa = PBXNativeTarget;
			buildConfigurationList = A60EA09529374A800064D21E /* Build configuration list for PBXNativeTarget "Book-ReactorKit" */;
			buildPhases = (
				A60EA06729374A7F0064D21E /* Sources */,
				A60EA06829374A7F0064D21E /* Frameworks */,
				A60EA06929374A7F0064D21E /* Resources */,
			);
			buildRules = (
			);
			dependencies = (
			);
			name = "Book-ReactorKit";
			packageProductDependencies = (
				A65A2CBC293883DD005BC930 /* ReactorKit */,
				A65A2CBF2938841C005BC930 /* SnapKit */,
				A65A2CC229388442005BC930 /* Kingfisher */,
				A65A2CC5293884A7005BC930 /* Alamofire */,
				A684B87C2938910E00D6B5E1 /* RxCocoa */,
			);
			productName = "Book-ReactorKit";
			productReference = A60EA06B29374A7F0064D21E /* Book-ReactorKit.app */;
			productType = "com.apple.product-type.application";
		};
		A60EA08029374A800064D21E /* Book-ReactorKitTests */ = {
			isa = PBXNativeTarget;
			buildConfigurationList = A60EA09829374A800064D21E /* Build configuration list for PBXNativeTarget "Book-ReactorKitTests" */;
			buildPhases = (
				A60EA07D29374A800064D21E /* Sources */,
				A60EA07E29374A800064D21E /* Frameworks */,
				A60EA07F29374A800064D21E /* Resources */,
			);
			buildRules = (
			);
			dependencies = (
				A60EA08329374A800064D21E /* PBXTargetDependency */,
			);
			name = "Book-ReactorKitTests";
			productName = "Book-ReactorKitTests";
			productReference = A60EA08129374A800064D21E /* Book-ReactorKitTests.xctest */;
			productType = "com.apple.product-type.bundle.unit-test";
		};
		A60EA08A29374A800064D21E /* Book-ReactorKitUITests */ = {
			isa = PBXNativeTarget;
			buildConfigurationList = A60EA09B29374A800064D21E /* Build configuration list for PBXNativeTarget "Book-ReactorKitUITests" */;
			buildPhases = (
				A60EA08729374A800064D21E /* Sources */,
				A60EA08829374A800064D21E /* Frameworks */,
				A60EA08929374A800064D21E /* Resources */,
			);
			buildRules = (
			);
			dependencies = (
				A60EA08D29374A800064D21E /* PBXTargetDependency */,
			);
			name = "Book-ReactorKitUITests";
			productName = "Book-ReactorKitUITests";
			productReference = A60EA08B29374A800064D21E /* Book-ReactorKitUITests.xctest */;
			productType = "com.apple.product-type.bundle.ui-testing";
		};
/* End PBXNativeTarget section */

/* Begin PBXProject section */
		A60EA06329374A7F0064D21E /* Project object */ = {
			isa = PBXProject;
			attributes = {
				BuildIndependentTargetsInParallel = 1;
				LastSwiftUpdateCheck = 1400;
				LastUpgradeCheck = 1400;
				TargetAttributes = {
					A60EA06A29374A7F0064D21E = {
						CreatedOnToolsVersion = 14.0.1;
					};
					A60EA08029374A800064D21E = {
						CreatedOnToolsVersion = 14.0.1;
						TestTargetID = A60EA06A29374A7F0064D21E;
					};
					A60EA08A29374A800064D21E = {
						CreatedOnToolsVersion = 14.0.1;
						TestTargetID = A60EA06A29374A7F0064D21E;
					};
				};
			};
			buildConfigurationList = A60EA06629374A7F0064D21E /* Build configuration list for PBXProject "Book-ReactorKit" */;
			compatibilityVersion = "Xcode 14.0";
			developmentRegion = en;
			hasScannedForEncodings = 0;
			knownRegions = (
				en,
				Base,
			);
			mainGroup = A60EA06229374A7F0064D21E;
			packageReferences = (
				A65A2CBB293883DD005BC930 /* XCRemoteSwiftPackageReference "ReactorKit" */,
				A65A2CBE2938841C005BC930 /* XCRemoteSwiftPackageReference "SnapKit" */,
				A65A2CC129388442005BC930 /* XCRemoteSwiftPackageReference "Kingfisher" */,
				A65A2CC4293884A7005BC930 /* XCRemoteSwiftPackageReference "Alamofire" */,
				A684B87B2938910E00D6B5E1 /* XCRemoteSwiftPackageReference "RxSwift" */,
			);
			productRefGroup = A60EA06C29374A7F0064D21E /* Products */;
			projectDirPath = "";
			projectRoot = "";
			targets = (
				A60EA06A29374A7F0064D21E /* Book-ReactorKit */,
				A60EA08029374A800064D21E /* Book-ReactorKitTests */,
				A60EA08A29374A800064D21E /* Book-ReactorKitUITests */,
			);
		};
/* End PBXProject section */

/* Begin PBXResourcesBuildPhase section */
		A60EA06929374A7F0064D21E /* Resources */ = {
			isa = PBXResourcesBuildPhase;
			buildActionMask = 2147483647;
			files = (
				A60EA07B29374A800064D21E /* LaunchScreen.storyboard in Resources */,
				A60EA07829374A800064D21E /* Assets.xcassets in Resources */,
			);
			runOnlyForDeploymentPostprocessing = 0;
		};
		A60EA07F29374A800064D21E /* Resources */ = {
			isa = PBXResourcesBuildPhase;
			buildActionMask = 2147483647;
			files = (
			);
			runOnlyForDeploymentPostprocessing = 0;
		};
		A60EA08929374A800064D21E /* Resources */ = {
			isa = PBXResourcesBuildPhase;
			buildActionMask = 2147483647;
			files = (
			);
			runOnlyForDeploymentPostprocessing = 0;
		};
/* End PBXResourcesBuildPhase section */

/* Begin PBXSourcesBuildPhase section */
		A60EA06729374A7F0064D21E /* Sources */ = {
			isa = PBXSourcesBuildPhase;
			buildActionMask = 2147483647;
			files = (
				A684B8822938973300D6B5E1 /* NewBookContentView.swift in Sources */,
				A6B2E00A2977C02500073DF4 /* Reactor+.swift in Sources */,
				A6E40318294C49A300AD788B /* Defaults.swift in Sources */,
				A62D0AB229766A1000A947CF /* ObservableType+.swift in Sources */,
				A67C02AB293DDA9700B47E37 /* BookDetailReactor.swift in Sources */,
				A65A2CCB293885C4005BC930 /* UIBaseTabBarController.swift in Sources */,
				A60A2115294BF98400FED842 /* UITableView+.swift in Sources */,
				A6E8AF06293F0C4900D9ABB2 /* SearchBookViewController.swift in Sources */,
				A6A4C952294ADCE700E3EF1A /* GlobalEvents.swift in Sources */,
				A60EA06F29374A7F0064D21E /* AppDelegate.swift in Sources */,
				A684B886293897E100D6B5E1 /* BookModel.swift in Sources */,
				A608DC57296FFBA1004FB4CB /* BaseService.swift in Sources */,
				A65A2CD029388728005BC930 /* NewBookViewController.swift in Sources */,
				A678043E293DC2E60014433C /* UIViewController+Rx.swift in Sources */,
				A600FDBB2939DE9B00D62397 /* ReturnResultKit.swift in Sources */,
				A684B88D2938991700D6B5E1 /* NetworkService.swift in Sources */,
				A684B87A2938907F00D6B5E1 /* NewBookReactor.swift in Sources */,
				A60D6F88293DCD8400F71CD3 /* UIScrollView+.swift in Sources */,
				A608DC59296FFBDE004FB4CB /* ServiceProviderType.swift in Sources */,
				A6E8AF0D293F152900D9ABB2 /* SearchBookTableViewCell.swift in Sources */,
				A62D0AB029765E3200A947CF /* InternalNotificationService.swift in Sources */,
				A65A2CD529388F31005BC930 /* Then.swift in Sources */,
				A6E8AF08293F0C5300D9ABB2 /* SearchBookView.swift in Sources */,
				A67C02A7293DDA0C00B47E37 /* BookDetailView.swift in Sources */,
				A684B8782938907500D6B5E1 /* NewBookView.swift in Sources */,
				A60D6F8A293DD0C700F71CD3 /* Array+.swift in Sources */,
				A6E4031A294C4BA200AD788B /* UserDefaultsService.swift in Sources */,
				A60EA07129374A7F0064D21E /* SceneDelegate.swift in Sources */,
				A6E8AF0A293F0C5A00D9ABB2 /* SearchBookReactor.swift in Sources */,
				A67C02A4293DD9A300B47E37 /* BookDetailViewController.swift in Sources */,
				A684B8882938981D00D6B5E1 /* Enums.swift in Sources */,
				A684B8802938970200D6B5E1 /* NewBookTableViewCell.swift in Sources */,
				A684B88A2938984900D6B5E1 /* BookItem.swift in Sources */,
			);
			runOnlyForDeploymentPostprocessing = 0;
		};
		A60EA07D29374A800064D21E /* Sources */ = {
			isa = PBXSourcesBuildPhase;
			buildActionMask = 2147483647;
			files = (
				A60EA08629374A800064D21E /* Book_ReactorKitTests.swift in Sources */,
			);
			runOnlyForDeploymentPostprocessing = 0;
		};
		A60EA08729374A800064D21E /* Sources */ = {
			isa = PBXSourcesBuildPhase;
			buildActionMask = 2147483647;
			files = (
				A60EA09029374A800064D21E /* Book_ReactorKitUITests.swift in Sources */,
				A60EA09229374A800064D21E /* Book_ReactorKitUITestsLaunchTests.swift in Sources */,
			);
			runOnlyForDeploymentPostprocessing = 0;
		};
/* End PBXSourcesBuildPhase section */

/* Begin PBXTargetDependency section */
		A60EA08329374A800064D21E /* PBXTargetDependency */ = {
			isa = PBXTargetDependency;
			target = A60EA06A29374A7F0064D21E /* Book-ReactorKit */;
			targetProxy = A60EA08229374A800064D21E /* PBXContainerItemProxy */;
		};
		A60EA08D29374A800064D21E /* PBXTargetDependency */ = {
			isa = PBXTargetDependency;
			target = A60EA06A29374A7F0064D21E /* Book-ReactorKit */;
			targetProxy = A60EA08C29374A800064D21E /* PBXContainerItemProxy */;
		};
/* End PBXTargetDependency section */

/* Begin PBXVariantGroup section */
		A60EA07929374A800064D21E /* LaunchScreen.storyboard */ = {
			isa = PBXVariantGroup;
			children = (
				A60EA07A29374A800064D21E /* Base */,
			);
			name = LaunchScreen.storyboard;
			sourceTree = "<group>";
		};
/* End PBXVariantGroup section */

/* Begin XCBuildConfiguration section */
		A60EA09329374A800064D21E /* Debug */ = {
			isa = XCBuildConfiguration;
			buildSettings = {
				ALWAYS_SEARCH_USER_PATHS = NO;
				CLANG_ANALYZER_NONNULL = YES;
				CLANG_ANALYZER_NUMBER_OBJECT_CONVERSION = YES_AGGRESSIVE;
				CLANG_CXX_LANGUAGE_STANDARD = "gnu++20";
				CLANG_ENABLE_MODULES = YES;
				CLANG_ENABLE_OBJC_ARC = YES;
				CLANG_ENABLE_OBJC_WEAK = YES;
				CLANG_WARN_BLOCK_CAPTURE_AUTORELEASING = YES;
				CLANG_WARN_BOOL_CONVERSION = YES;
				CLANG_WARN_COMMA = YES;
				CLANG_WARN_CONSTANT_CONVERSION = YES;
				CLANG_WARN_DEPRECATED_OBJC_IMPLEMENTATIONS = YES;
				CLANG_WARN_DIRECT_OBJC_ISA_USAGE = YES_ERROR;
				CLANG_WARN_DOCUMENTATION_COMMENTS = YES;
				CLANG_WARN_EMPTY_BODY = YES;
				CLANG_WARN_ENUM_CONVERSION = YES;
				CLANG_WARN_INFINITE_RECURSION = YES;
				CLANG_WARN_INT_CONVERSION = YES;
				CLANG_WARN_NON_LITERAL_NULL_CONVERSION = YES;
				CLANG_WARN_OBJC_IMPLICIT_RETAIN_SELF = YES;
				CLANG_WARN_OBJC_LITERAL_CONVERSION = YES;
				CLANG_WARN_OBJC_ROOT_CLASS = YES_ERROR;
				CLANG_WARN_QUOTED_INCLUDE_IN_FRAMEWORK_HEADER = YES;
				CLANG_WARN_RANGE_LOOP_ANALYSIS = YES;
				CLANG_WARN_STRICT_PROTOTYPES = YES;
				CLANG_WARN_SUSPICIOUS_MOVE = YES;
				CLANG_WARN_UNGUARDED_AVAILABILITY = YES_AGGRESSIVE;
				CLANG_WARN_UNREACHABLE_CODE = YES;
				CLANG_WARN__DUPLICATE_METHOD_MATCH = YES;
				COPY_PHASE_STRIP = NO;
				DEBUG_INFORMATION_FORMAT = dwarf;
				ENABLE_STRICT_OBJC_MSGSEND = YES;
				ENABLE_TESTABILITY = YES;
				GCC_C_LANGUAGE_STANDARD = gnu11;
				GCC_DYNAMIC_NO_PIC = NO;
				GCC_NO_COMMON_BLOCKS = YES;
				GCC_OPTIMIZATION_LEVEL = 0;
				GCC_PREPROCESSOR_DEFINITIONS = (
					"DEBUG=1",
					"$(inherited)",
				);
				GCC_WARN_64_TO_32_BIT_CONVERSION = YES;
				GCC_WARN_ABOUT_RETURN_TYPE = YES_ERROR;
				GCC_WARN_UNDECLARED_SELECTOR = YES;
				GCC_WARN_UNINITIALIZED_AUTOS = YES_AGGRESSIVE;
				GCC_WARN_UNUSED_FUNCTION = YES;
				GCC_WARN_UNUSED_VARIABLE = YES;
				IPHONEOS_DEPLOYMENT_TARGET = 14.0;
				MTL_ENABLE_DEBUG_INFO = INCLUDE_SOURCE;
				MTL_FAST_MATH = YES;
				ONLY_ACTIVE_ARCH = YES;
				SDKROOT = iphoneos;
				SWIFT_ACTIVE_COMPILATION_CONDITIONS = DEBUG;
				SWIFT_OPTIMIZATION_LEVEL = "-Onone";
			};
			name = Debug;
		};
		A60EA09429374A800064D21E /* Release */ = {
			isa = XCBuildConfiguration;
			buildSettings = {
				ALWAYS_SEARCH_USER_PATHS = NO;
				CLANG_ANALYZER_NONNULL = YES;
				CLANG_ANALYZER_NUMBER_OBJECT_CONVERSION = YES_AGGRESSIVE;
				CLANG_CXX_LANGUAGE_STANDARD = "gnu++20";
				CLANG_ENABLE_MODULES = YES;
				CLANG_ENABLE_OBJC_ARC = YES;
				CLANG_ENABLE_OBJC_WEAK = YES;
				CLANG_WARN_BLOCK_CAPTURE_AUTORELEASING = YES;
				CLANG_WARN_BOOL_CONVERSION = YES;
				CLANG_WARN_COMMA = YES;
				CLANG_WARN_CONSTANT_CONVERSION = YES;
				CLANG_WARN_DEPRECATED_OBJC_IMPLEMENTATIONS = YES;
				CLANG_WARN_DIRECT_OBJC_ISA_USAGE = YES_ERROR;
				CLANG_WARN_DOCUMENTATION_COMMENTS = YES;
				CLANG_WARN_EMPTY_BODY = YES;
				CLANG_WARN_ENUM_CONVERSION = YES;
				CLANG_WARN_INFINITE_RECURSION = YES;
				CLANG_WARN_INT_CONVERSION = YES;
				CLANG_WARN_NON_LITERAL_NULL_CONVERSION = YES;
				CLANG_WARN_OBJC_IMPLICIT_RETAIN_SELF = YES;
				CLANG_WARN_OBJC_LITERAL_CONVERSION = YES;
				CLANG_WARN_OBJC_ROOT_CLASS = YES_ERROR;
				CLANG_WARN_QUOTED_INCLUDE_IN_FRAMEWORK_HEADER = YES;
				CLANG_WARN_RANGE_LOOP_ANALYSIS = YES;
				CLANG_WARN_STRICT_PROTOTYPES = YES;
				CLANG_WARN_SUSPICIOUS_MOVE = YES;
				CLANG_WARN_UNGUARDED_AVAILABILITY = YES_AGGRESSIVE;
				CLANG_WARN_UNREACHABLE_CODE = YES;
				CLANG_WARN__DUPLICATE_METHOD_MATCH = YES;
				COPY_PHASE_STRIP = NO;
				DEBUG_INFORMATION_FORMAT = "dwarf-with-dsym";
				ENABLE_NS_ASSERTIONS = NO;
				ENABLE_STRICT_OBJC_MSGSEND = YES;
				GCC_C_LANGUAGE_STANDARD = gnu11;
				GCC_NO_COMMON_BLOCKS = YES;
				GCC_WARN_64_TO_32_BIT_CONVERSION = YES;
				GCC_WARN_ABOUT_RETURN_TYPE = YES_ERROR;
				GCC_WARN_UNDECLARED_SELECTOR = YES;
				GCC_WARN_UNINITIALIZED_AUTOS = YES_AGGRESSIVE;
				GCC_WARN_UNUSED_FUNCTION = YES;
				GCC_WARN_UNUSED_VARIABLE = YES;
				IPHONEOS_DEPLOYMENT_TARGET = 14.0;
				MTL_ENABLE_DEBUG_INFO = NO;
				MTL_FAST_MATH = YES;
				SDKROOT = iphoneos;
				SWIFT_COMPILATION_MODE = wholemodule;
				SWIFT_OPTIMIZATION_LEVEL = "-O";
				VALIDATE_PRODUCT = YES;
			};
			name = Release;
		};
		A60EA09629374A800064D21E /* Debug */ = {
			isa = XCBuildConfiguration;
			buildSettings = {
				ASSETCATALOG_COMPILER_APPICON_NAME = AppIcon;
				ASSETCATALOG_COMPILER_GLOBAL_ACCENT_COLOR_NAME = AccentColor;
				CODE_SIGN_STYLE = Automatic;
				CURRENT_PROJECT_VERSION = 1;
				DEVELOPMENT_TEAM = HU8RMC793N;
				GENERATE_INFOPLIST_FILE = YES;
				INFOPLIST_FILE = "Book-ReactorKit/Info.plist";
				INFOPLIST_KEY_UIApplicationSupportsIndirectInputEvents = YES;
				INFOPLIST_KEY_UILaunchStoryboardName = LaunchScreen;
				INFOPLIST_KEY_UIMainStoryboardFile = LaunchScreen;
				INFOPLIST_KEY_UISupportedInterfaceOrientations_iPad = "UIInterfaceOrientationPortrait UIInterfaceOrientationPortraitUpsideDown UIInterfaceOrientationLandscapeLeft UIInterfaceOrientationLandscapeRight";
				INFOPLIST_KEY_UISupportedInterfaceOrientations_iPhone = "UIInterfaceOrientationPortrait UIInterfaceOrientationLandscapeLeft UIInterfaceOrientationLandscapeRight";
				LD_RUNPATH_SEARCH_PATHS = (
					"$(inherited)",
					"@executable_path/Frameworks",
				);
				MARKETING_VERSION = 1.0;
				PRODUCT_BUNDLE_IDENTIFIER = "kr.textobey.Book-ReactorKit";
				PRODUCT_NAME = "$(TARGET_NAME)";
				SWIFT_EMIT_LOC_STRINGS = YES;
				SWIFT_VERSION = 5.0;
				TARGETED_DEVICE_FAMILY = "1,2";
			};
			name = Debug;
		};
		A60EA09729374A800064D21E /* Release */ = {
			isa = XCBuildConfiguration;
			buildSettings = {
				ASSETCATALOG_COMPILER_APPICON_NAME = AppIcon;
				ASSETCATALOG_COMPILER_GLOBAL_ACCENT_COLOR_NAME = AccentColor;
				CODE_SIGN_STYLE = Automatic;
				CURRENT_PROJECT_VERSION = 1;
				DEVELOPMENT_TEAM = HU8RMC793N;
				GENERATE_INFOPLIST_FILE = YES;
				INFOPLIST_FILE = "Book-ReactorKit/Info.plist";
				INFOPLIST_KEY_UIApplicationSupportsIndirectInputEvents = YES;
				INFOPLIST_KEY_UILaunchStoryboardName = LaunchScreen;
				INFOPLIST_KEY_UIMainStoryboardFile = LaunchScreen;
				INFOPLIST_KEY_UISupportedInterfaceOrientations_iPad = "UIInterfaceOrientationPortrait UIInterfaceOrientationPortraitUpsideDown UIInterfaceOrientationLandscapeLeft UIInterfaceOrientationLandscapeRight";
				INFOPLIST_KEY_UISupportedInterfaceOrientations_iPhone = "UIInterfaceOrientationPortrait UIInterfaceOrientationLandscapeLeft UIInterfaceOrientationLandscapeRight";
				LD_RUNPATH_SEARCH_PATHS = (
					"$(inherited)",
					"@executable_path/Frameworks",
				);
				MARKETING_VERSION = 1.0;
				PRODUCT_BUNDLE_IDENTIFIER = "kr.textobey.Book-ReactorKit";
				PRODUCT_NAME = "$(TARGET_NAME)";
				SWIFT_EMIT_LOC_STRINGS = YES;
				SWIFT_VERSION = 5.0;
				TARGETED_DEVICE_FAMILY = "1,2";
			};
			name = Release;
		};
		A60EA09929374A800064D21E /* Debug */ = {
			isa = XCBuildConfiguration;
			buildSettings = {
				ALWAYS_EMBED_SWIFT_STANDARD_LIBRARIES = YES;
				BUNDLE_LOADER = "$(TEST_HOST)";
				CODE_SIGN_STYLE = Automatic;
				CURRENT_PROJECT_VERSION = 1;
				DEVELOPMENT_TEAM = HU8RMC793N;
				GENERATE_INFOPLIST_FILE = YES;
				IPHONEOS_DEPLOYMENT_TARGET = 16.0;
				MARKETING_VERSION = 1.0;
				PRODUCT_BUNDLE_IDENTIFIER = "kr.textobey.Book-ReactorKitTests";
				PRODUCT_NAME = "$(TARGET_NAME)";
				SWIFT_EMIT_LOC_STRINGS = NO;
				SWIFT_VERSION = 5.0;
				TARGETED_DEVICE_FAMILY = "1,2";
				TEST_HOST = "$(BUILT_PRODUCTS_DIR)/Book-ReactorKit.app/$(BUNDLE_EXECUTABLE_FOLDER_PATH)/Book-ReactorKit";
			};
			name = Debug;
		};
		A60EA09A29374A800064D21E /* Release */ = {
			isa = XCBuildConfiguration;
			buildSettings = {
				ALWAYS_EMBED_SWIFT_STANDARD_LIBRARIES = YES;
				BUNDLE_LOADER = "$(TEST_HOST)";
				CODE_SIGN_STYLE = Automatic;
				CURRENT_PROJECT_VERSION = 1;
				DEVELOPMENT_TEAM = HU8RMC793N;
				GENERATE_INFOPLIST_FILE = YES;
				IPHONEOS_DEPLOYMENT_TARGET = 16.0;
				MARKETING_VERSION = 1.0;
				PRODUCT_BUNDLE_IDENTIFIER = "kr.textobey.Book-ReactorKitTests";
				PRODUCT_NAME = "$(TARGET_NAME)";
				SWIFT_EMIT_LOC_STRINGS = NO;
				SWIFT_VERSION = 5.0;
				TARGETED_DEVICE_FAMILY = "1,2";
				TEST_HOST = "$(BUILT_PRODUCTS_DIR)/Book-ReactorKit.app/$(BUNDLE_EXECUTABLE_FOLDER_PATH)/Book-ReactorKit";
			};
			name = Release;
		};
		A60EA09C29374A800064D21E /* Debug */ = {
			isa = XCBuildConfiguration;
			buildSettings = {
				ALWAYS_EMBED_SWIFT_STANDARD_LIBRARIES = YES;
				CODE_SIGN_STYLE = Automatic;
				CURRENT_PROJECT_VERSION = 1;
				DEVELOPMENT_TEAM = HU8RMC793N;
				GENERATE_INFOPLIST_FILE = YES;
				MARKETING_VERSION = 1.0;
				PRODUCT_BUNDLE_IDENTIFIER = "kr.textobey.Book-ReactorKitUITests";
				PRODUCT_NAME = "$(TARGET_NAME)";
				SWIFT_EMIT_LOC_STRINGS = NO;
				SWIFT_VERSION = 5.0;
				TARGETED_DEVICE_FAMILY = "1,2";
				TEST_TARGET_NAME = "Book-ReactorKit";
			};
			name = Debug;
		};
		A60EA09D29374A800064D21E /* Release */ = {
			isa = XCBuildConfiguration;
			buildSettings = {
				ALWAYS_EMBED_SWIFT_STANDARD_LIBRARIES = YES;
				CODE_SIGN_STYLE = Automatic;
				CURRENT_PROJECT_VERSION = 1;
				DEVELOPMENT_TEAM = HU8RMC793N;
				GENERATE_INFOPLIST_FILE = YES;
				MARKETING_VERSION = 1.0;
				PRODUCT_BUNDLE_IDENTIFIER = "kr.textobey.Book-ReactorKitUITests";
				PRODUCT_NAME = "$(TARGET_NAME)";
				SWIFT_EMIT_LOC_STRINGS = NO;
				SWIFT_VERSION = 5.0;
				TARGETED_DEVICE_FAMILY = "1,2";
				TEST_TARGET_NAME = "Book-ReactorKit";
			};
			name = Release;
		};
/* End XCBuildConfiguration section */

/* Begin XCConfigurationList section */
		A60EA06629374A7F0064D21E /* Build configuration list for PBXProject "Book-ReactorKit" */ = {
			isa = XCConfigurationList;
			buildConfigurations = (
				A60EA09329374A800064D21E /* Debug */,
				A60EA09429374A800064D21E /* Release */,
			);
			defaultConfigurationIsVisible = 0;
			defaultConfigurationName = Release;
		};
		A60EA09529374A800064D21E /* Build configuration list for PBXNativeTarget "Book-ReactorKit" */ = {
			isa = XCConfigurationList;
			buildConfigurations = (
				A60EA09629374A800064D21E /* Debug */,
				A60EA09729374A800064D21E /* Release */,
			);
			defaultConfigurationIsVisible = 0;
			defaultConfigurationName = Release;
		};
		A60EA09829374A800064D21E /* Build configuration list for PBXNativeTarget "Book-ReactorKitTests" */ = {
			isa = XCConfigurationList;
			buildConfigurations = (
				A60EA09929374A800064D21E /* Debug */,
				A60EA09A29374A800064D21E /* Release */,
			);
			defaultConfigurationIsVisible = 0;
			defaultConfigurationName = Release;
		};
		A60EA09B29374A800064D21E /* Build configuration list for PBXNativeTarget "Book-ReactorKitUITests" */ = {
			isa = XCConfigurationList;
			buildConfigurations = (
				A60EA09C29374A800064D21E /* Debug */,
				A60EA09D29374A800064D21E /* Release */,
			);
			defaultConfigurationIsVisible = 0;
			defaultConfigurationName = Release;
		};
/* End XCConfigurationList section */

/* Begin XCRemoteSwiftPackageReference section */
		A65A2CBB293883DD005BC930 /* XCRemoteSwiftPackageReference "ReactorKit" */ = {
			isa = XCRemoteSwiftPackageReference;
			repositoryURL = "https://github.com/ReactorKit/ReactorKit.git";
			requirement = {
				kind = upToNextMajorVersion;
				minimumVersion = 3.0.0;
			};
		};
		A65A2CBE2938841C005BC930 /* XCRemoteSwiftPackageReference "SnapKit" */ = {
			isa = XCRemoteSwiftPackageReference;
			repositoryURL = "https://github.com/SnapKit/SnapKit.git";
			requirement = {
				kind = upToNextMajorVersion;
				minimumVersion = 5.0.0;
			};
		};
		A65A2CC129388442005BC930 /* XCRemoteSwiftPackageReference "Kingfisher" */ = {
			isa = XCRemoteSwiftPackageReference;
			repositoryURL = "https://github.com/onevcat/Kingfisher.git";
			requirement = {
				kind = upToNextMajorVersion;
				minimumVersion = 7.0.0;
			};
		};
		A65A2CC4293884A7005BC930 /* XCRemoteSwiftPackageReference "Alamofire" */ = {
			isa = XCRemoteSwiftPackageReference;
			repositoryURL = "https://github.com/Alamofire/Alamofire.git";
			requirement = {
				kind = upToNextMajorVersion;
				minimumVersion = 5.0.0;
			};
		};
		A684B87B2938910E00D6B5E1 /* XCRemoteSwiftPackageReference "RxSwift" */ = {
			isa = XCRemoteSwiftPackageReference;
			repositoryURL = "https://github.com/ReactiveX/RxSwift.git";
			requirement = {
				kind = exactVersion;
				version = 6.2.0;
			};
		};
/* End XCRemoteSwiftPackageReference section */

/* Begin XCSwiftPackageProductDependency section */
		A65A2CBC293883DD005BC930 /* ReactorKit */ = {
			isa = XCSwiftPackageProductDependency;
			package = A65A2CBB293883DD005BC930 /* XCRemoteSwiftPackageReference "ReactorKit" */;
			productName = ReactorKit;
		};
		A65A2CBF2938841C005BC930 /* SnapKit */ = {
			isa = XCSwiftPackageProductDependency;
			package = A65A2CBE2938841C005BC930 /* XCRemoteSwiftPackageReference "SnapKit" */;
			productName = SnapKit;
		};
		A65A2CC229388442005BC930 /* Kingfisher */ = {
			isa = XCSwiftPackageProductDependency;
			package = A65A2CC129388442005BC930 /* XCRemoteSwiftPackageReference "Kingfisher" */;
			productName = Kingfisher;
		};
		A65A2CC5293884A7005BC930 /* Alamofire */ = {
			isa = XCSwiftPackageProductDependency;
			package = A65A2CC4293884A7005BC930 /* XCRemoteSwiftPackageReference "Alamofire" */;
			productName = Alamofire;
		};
		A684B87C2938910E00D6B5E1 /* RxCocoa */ = {
			isa = XCSwiftPackageProductDependency;
			package = A684B87B2938910E00D6B5E1 /* XCRemoteSwiftPackageReference "RxSwift" */;
			productName = RxCocoa;
		};
/* End XCSwiftPackageProductDependency section */
	};
	rootObject = A60EA06329374A7F0064D21E /* Project object */;
}
