// !$*UTF8*$!
{
	archiveVersion = 1;
	classes = {
	};
	objectVersion = 56;
	objects = {

/* Begin PBXBuildFile section */
		A6FB4E2D2A6E35900035FDD4 /* SwiftUI_ConcurrencyApp.swift in Sources */ = {isa = PBXBuildFile; fileRef = A6FB4E2C2A6E35900035FDD4 /* SwiftUI_ConcurrencyApp.swift */; };
		A6FB4E312A6E35920035FDD4 /* Assets.xcassets in Resources */ = {isa = PBXBuildFile; fileRef = A6FB4E302A6E35920035FDD4 /* Assets.xcassets */; };
		A6FB4E342A6E35920035FDD4 /* Preview Assets.xcassets in Resources */ = {isa = PBXBuildFile; fileRef = A6FB4E332A6E35920035FDD4 /* Preview Assets.xcassets */; };
		A6FB4E3B2A6E35FF0035FDD4 /* BookTabView.swift in Sources */ = {isa = PBXBuildFile; fileRef = A6FB4E3A2A6E35FF0035FDD4 /* BookTabView.swift */; };
		A6FB4E402A6E366D0035FDD4 /* NewBookView.swift in Sources */ = {isa = PBXBuildFile; fileRef = A6FB4E3F2A6E366D0035FDD4 /* NewBookView.swift */; };
		A6FB4E422A6E36790035FDD4 /* SearchBookView.swift in Sources */ = {isa = PBXBuildFile; fileRef = A6FB4E412A6E36790035FDD4 /* SearchBookView.swift */; };
		A6FB4E462A6E37AD0035FDD4 /* BookModel.swift in Sources */ = {isa = PBXBuildFile; fileRef = A6FB4E452A6E37AD0035FDD4 /* BookModel.swift */; };
		A6FB4E482A6E37D90035FDD4 /* BookItem.swift in Sources */ = {isa = PBXBuildFile; fileRef = A6FB4E472A6E37D90035FDD4 /* BookItem.swift */; };
		A6FB4E4B2A6E38410035FDD4 /* BookNetworking.swift in Sources */ = {isa = PBXBuildFile; fileRef = A6FB4E4A2A6E38410035FDD4 /* BookNetworking.swift */; };
		A6FB4E4D2A6E39960035FDD4 /* URLRequestBuilder.swift in Sources */ = {isa = PBXBuildFile; fileRef = A6FB4E4C2A6E39960035FDD4 /* URLRequestBuilder.swift */; };
		A6FB4E4F2A6E3B510035FDD4 /* EndPoint.swift in Sources */ = {isa = PBXBuildFile; fileRef = A6FB4E4E2A6E3B510035FDD4 /* EndPoint.swift */; };
/* End PBXBuildFile section */

/* Begin PBXFileReference section */
		A6FB4E292A6E35900035FDD4 /* SwiftUI-Concurrency.app */ = {isa = PBXFileReference; explicitFileType = wrapper.application; includeInIndex = 0; path = "SwiftUI-Concurrency.app"; sourceTree = BUILT_PRODUCTS_DIR; };
		A6FB4E2C2A6E35900035FDD4 /* SwiftUI_ConcurrencyApp.swift */ = {isa = PBXFileReference; lastKnownFileType = sourcecode.swift; path = SwiftUI_ConcurrencyApp.swift; sourceTree = "<group>"; };
		A6FB4E302A6E35920035FDD4 /* Assets.xcassets */ = {isa = PBXFileReference; lastKnownFileType = folder.assetcatalog; path = Assets.xcassets; sourceTree = "<group>"; };
		A6FB4E332A6E35920035FDD4 /* Preview Assets.xcassets */ = {isa = PBXFileReference; lastKnownFileType = folder.assetcatalog; path = "Preview Assets.xcassets"; sourceTree = "<group>"; };
		A6FB4E3A2A6E35FF0035FDD4 /* BookTabView.swift */ = {isa = PBXFileReference; lastKnownFileType = sourcecode.swift; path = BookTabView.swift; sourceTree = "<group>"; };
		A6FB4E3F2A6E366D0035FDD4 /* NewBookView.swift */ = {isa = PBXFileReference; lastKnownFileType = sourcecode.swift; path = NewBookView.swift; sourceTree = "<group>"; };
		A6FB4E412A6E36790035FDD4 /* SearchBookView.swift */ = {isa = PBXFileReference; lastKnownFileType = sourcecode.swift; path = SearchBookView.swift; sourceTree = "<group>"; };
		A6FB4E452A6E37AD0035FDD4 /* BookModel.swift */ = {isa = PBXFileReference; lastKnownFileType = sourcecode.swift; path = BookModel.swift; sourceTree = "<group>"; };
		A6FB4E472A6E37D90035FDD4 /* BookItem.swift */ = {isa = PBXFileReference; lastKnownFileType = sourcecode.swift; path = BookItem.swift; sourceTree = "<group>"; };
		A6FB4E4A2A6E38410035FDD4 /* BookNetworking.swift */ = {isa = PBXFileReference; lastKnownFileType = sourcecode.swift; path = BookNetworking.swift; sourceTree = "<group>"; };
		A6FB4E4C2A6E39960035FDD4 /* URLRequestBuilder.swift */ = {isa = PBXFileReference; lastKnownFileType = sourcecode.swift; path = URLRequestBuilder.swift; sourceTree = "<group>"; };
		A6FB4E4E2A6E3B510035FDD4 /* EndPoint.swift */ = {isa = PBXFileReference; lastKnownFileType = sourcecode.swift; path = EndPoint.swift; sourceTree = "<group>"; };
/* End PBXFileReference section */

/* Begin PBXFrameworksBuildPhase section */
		A6FB4E262A6E35900035FDD4 /* Frameworks */ = {
			isa = PBXFrameworksBuildPhase;
			buildActionMask = 2147483647;
			files = (
			);
			runOnlyForDeploymentPostprocessing = 0;
		};
/* End PBXFrameworksBuildPhase section */

/* Begin PBXGroup section */
		A6FB4E202A6E35900035FDD4 = {
			isa = PBXGroup;
			children = (
				A6FB4E2B2A6E35900035FDD4 /* SwiftUI-Concurrency */,
				A6FB4E2A2A6E35900035FDD4 /* Products */,
			);
			sourceTree = "<group>";
		};
		A6FB4E2A2A6E35900035FDD4 /* Products */ = {
			isa = PBXGroup;
			children = (
				A6FB4E292A6E35900035FDD4 /* SwiftUI-Concurrency.app */,
			);
			name = Products;
			sourceTree = "<group>";
		};
		A6FB4E2B2A6E35900035FDD4 /* SwiftUI-Concurrency */ = {
			isa = PBXGroup;
			children = (
				A6FB4E2C2A6E35900035FDD4 /* SwiftUI_ConcurrencyApp.swift */,
				A6FB4E3A2A6E35FF0035FDD4 /* BookTabView.swift */,
				A6FB4E432A6E37680035FDD4 /* Views */,
				A6FB4E442A6E37820035FDD4 /* Model */,
				A6FB4E492A6E382C0035FDD4 /* Networking */,
				A6FB4E3C2A6E36390035FDD4 /* Resource */,
				A6FB4E322A6E35920035FDD4 /* Preview Content */,
			);
			path = "SwiftUI-Concurrency";
			sourceTree = "<group>";
		};
		A6FB4E322A6E35920035FDD4 /* Preview Content */ = {
			isa = PBXGroup;
			children = (
				A6FB4E332A6E35920035FDD4 /* Preview Assets.xcassets */,
			);
			path = "Preview Content";
			sourceTree = "<group>";
		};
		A6FB4E3C2A6E36390035FDD4 /* Resource */ = {
			isa = PBXGroup;
			children = (
				A6FB4E302A6E35920035FDD4 /* Assets.xcassets */,
			);
			path = Resource;
			sourceTree = "<group>";
		};
		A6FB4E3D2A6E364F0035FDD4 /* NewBook */ = {
			isa = PBXGroup;
			children = (
				A6FB4E3F2A6E366D0035FDD4 /* NewBookView.swift */,
			);
			path = NewBook;
			sourceTree = "<group>";
		};
		A6FB4E3E2A6E36580035FDD4 /* SearchBook */ = {
			isa = PBXGroup;
			children = (
				A6FB4E412A6E36790035FDD4 /* SearchBookView.swift */,
			);
			path = SearchBook;
			sourceTree = "<group>";
		};
		A6FB4E432A6E37680035FDD4 /* Views */ = {
			isa = PBXGroup;
			children = (
				A6FB4E3D2A6E364F0035FDD4 /* NewBook */,
				A6FB4E3E2A6E36580035FDD4 /* SearchBook */,
			);
			path = Views;
			sourceTree = "<group>";
		};
		A6FB4E442A6E37820035FDD4 /* Model */ = {
			isa = PBXGroup;
			children = (
				A6FB4E452A6E37AD0035FDD4 /* BookModel.swift */,
				A6FB4E472A6E37D90035FDD4 /* BookItem.swift */,
			);
			path = Model;
			sourceTree = "<group>";
		};
		A6FB4E492A6E382C0035FDD4 /* Networking */ = {
			isa = PBXGroup;
			children = (
				A6FB4E4A2A6E38410035FDD4 /* BookNetworking.swift */,
				A6FB4E4E2A6E3B510035FDD4 /* EndPoint.swift */,
				A6FB4E4C2A6E39960035FDD4 /* URLRequestBuilder.swift */,
			);
			path = Networking;
			sourceTree = "<group>";
		};
/* End PBXGroup section */

/* Begin PBXNativeTarget section */
		A6FB4E282A6E35900035FDD4 /* SwiftUI-Concurrency */ = {
			isa = PBXNativeTarget;
			buildConfigurationList = A6FB4E372A6E35920035FDD4 /* Build configuration list for PBXNativeTarget "SwiftUI-Concurrency" */;
			buildPhases = (
				A6FB4E252A6E35900035FDD4 /* Sources */,
				A6FB4E262A6E35900035FDD4 /* Frameworks */,
				A6FB4E272A6E35900035FDD4 /* Resources */,
			);
			buildRules = (
			);
			dependencies = (
			);
			name = "SwiftUI-Concurrency";
			productName = "SwiftUI-Concurrency";
			productReference = A6FB4E292A6E35900035FDD4 /* SwiftUI-Concurrency.app */;
			productType = "com.apple.product-type.application";
		};
/* End PBXNativeTarget section */

/* Begin PBXProject section */
		A6FB4E212A6E35900035FDD4 /* Project object */ = {
			isa = PBXProject;
			attributes = {
				BuildIndependentTargetsInParallel = 1;
				LastSwiftUpdateCheck = 1400;
				LastUpgradeCheck = 1400;
				TargetAttributes = {
					A6FB4E282A6E35900035FDD4 = {
						CreatedOnToolsVersion = 14.0.1;
					};
				};
			};
			buildConfigurationList = A6FB4E242A6E35900035FDD4 /* Build configuration list for PBXProject "SwiftUI-Concurrency" */;
			compatibilityVersion = "Xcode 14.0";
			developmentRegion = en;
			hasScannedForEncodings = 0;
			knownRegions = (
				en,
				Base,
			);
			mainGroup = A6FB4E202A6E35900035FDD4;
			productRefGroup = A6FB4E2A2A6E35900035FDD4 /* Products */;
			projectDirPath = "";
			projectRoot = "";
			targets = (
				A6FB4E282A6E35900035FDD4 /* SwiftUI-Concurrency */,
			);
		};
/* End PBXProject section */

/* Begin PBXResourcesBuildPhase section */
		A6FB4E272A6E35900035FDD4 /* Resources */ = {
			isa = PBXResourcesBuildPhase;
			buildActionMask = 2147483647;
			files = (
				A6FB4E342A6E35920035FDD4 /* Preview Assets.xcassets in Resources */,
				A6FB4E312A6E35920035FDD4 /* Assets.xcassets in Resources */,
			);
			runOnlyForDeploymentPostprocessing = 0;
		};
/* End PBXResourcesBuildPhase section */

/* Begin PBXSourcesBuildPhase section */
		A6FB4E252A6E35900035FDD4 /* Sources */ = {
			isa = PBXSourcesBuildPhase;
			buildActionMask = 2147483647;
			files = (
				A6FB4E462A6E37AD0035FDD4 /* BookModel.swift in Sources */,
				A6FB4E482A6E37D90035FDD4 /* BookItem.swift in Sources */,
				A6FB4E4B2A6E38410035FDD4 /* BookNetworking.swift in Sources */,
				A6FB4E4F2A6E3B510035FDD4 /* EndPoint.swift in Sources */,
				A6FB4E2D2A6E35900035FDD4 /* SwiftUI_ConcurrencyApp.swift in Sources */,
				A6FB4E3B2A6E35FF0035FDD4 /* BookTabView.swift in Sources */,
				A6FB4E4D2A6E39960035FDD4 /* URLRequestBuilder.swift in Sources */,
				A6FB4E402A6E366D0035FDD4 /* NewBookView.swift in Sources */,
				A6FB4E422A6E36790035FDD4 /* SearchBookView.swift in Sources */,
			);
			runOnlyForDeploymentPostprocessing = 0;
		};
/* End PBXSourcesBuildPhase section */

/* Begin XCBuildConfiguration section */
		A6FB4E352A6E35920035FDD4 /* Debug */ = {
			isa = XCBuildConfiguration;
			buildSettings = {
				ALWAYS_SEARCH_USER_PATHS = NO;
				CLANG_ANALYZER_NONNULL = YES;
				CLANG_ANALYZER_NUMBER_OBJECT_CONVERSION = YES_AGGRESSIVE;
				CLANG_CXX_LANGUAGE_STANDARD = "gnu++20";
				CLANG_ENABLE_MODULES = YES;
				CLANG_ENABLE_OBJC_ARC = YES;
				CLANG_ENABLE_OBJC_WEAK = YES;
				CLANG_WARN_BLOCK_CAPTURE_AUTORELEASING = YES;
				CLANG_WARN_BOOL_CONVERSION = YES;
				CLANG_WARN_COMMA = YES;
				CLANG_WARN_CONSTANT_CONVERSION = YES;
				CLANG_WARN_DEPRECATED_OBJC_IMPLEMENTATIONS = YES;
				CLANG_WARN_DIRECT_OBJC_ISA_USAGE = YES_ERROR;
				CLANG_WARN_DOCUMENTATION_COMMENTS = YES;
				CLANG_WARN_EMPTY_BODY = YES;
				CLANG_WARN_ENUM_CONVERSION = YES;
				CLANG_WARN_INFINITE_RECURSION = YES;
				CLANG_WARN_INT_CONVERSION = YES;
				CLANG_WARN_NON_LITERAL_NULL_CONVERSION = YES;
				CLANG_WARN_OBJC_IMPLICIT_RETAIN_SELF = YES;
				CLANG_WARN_OBJC_LITERAL_CONVERSION = YES;
				CLANG_WARN_OBJC_ROOT_CLASS = YES_ERROR;
				CLANG_WARN_QUOTED_INCLUDE_IN_FRAMEWORK_HEADER = YES;
				CLANG_WARN_RANGE_LOOP_ANALYSIS = YES;
				CLANG_WARN_STRICT_PROTOTYPES = YES;
				CLANG_WARN_SUSPICIOUS_MOVE = YES;
				CLANG_WARN_UNGUARDED_AVAILABILITY = YES_AGGRESSIVE;
				CLANG_WARN_UNREACHABLE_CODE = YES;
				CLANG_WARN__DUPLICATE_METHOD_MATCH = YES;
				COPY_PHASE_STRIP = NO;
				DEBUG_INFORMATION_FORMAT = dwarf;
				ENABLE_STRICT_OBJC_MSGSEND = YES;
				ENABLE_TESTABILITY = YES;
				GCC_C_LANGUAGE_STANDARD = gnu11;
				GCC_DYNAMIC_NO_PIC = NO;
				GCC_NO_COMMON_BLOCKS = YES;
				GCC_OPTIMIZATION_LEVEL = 0;
				GCC_PREPROCESSOR_DEFINITIONS = (
					"DEBUG=1",
					"$(inherited)",
				);
				GCC_WARN_64_TO_32_BIT_CONVERSION = YES;
				GCC_WARN_ABOUT_RETURN_TYPE = YES_ERROR;
				GCC_WARN_UNDECLARED_SELECTOR = YES;
				GCC_WARN_UNINITIALIZED_AUTOS = YES_AGGRESSIVE;
				GCC_WARN_UNUSED_FUNCTION = YES;
				GCC_WARN_UNUSED_VARIABLE = YES;
				IPHONEOS_DEPLOYMENT_TARGET = 16.0;
				MTL_ENABLE_DEBUG_INFO = INCLUDE_SOURCE;
				MTL_FAST_MATH = YES;
				ONLY_ACTIVE_ARCH = YES;
				SDKROOT = iphoneos;
				SWIFT_ACTIVE_COMPILATION_CONDITIONS = DEBUG;
				SWIFT_OPTIMIZATION_LEVEL = "-Onone";
			};
			name = Debug;
		};
		A6FB4E362A6E35920035FDD4 /* Release */ = {
			isa = XCBuildConfiguration;
			buildSettings = {
				ALWAYS_SEARCH_USER_PATHS = NO;
				CLANG_ANALYZER_NONNULL = YES;
				CLANG_ANALYZER_NUMBER_OBJECT_CONVERSION = YES_AGGRESSIVE;
				CLANG_CXX_LANGUAGE_STANDARD = "gnu++20";
				CLANG_ENABLE_MODULES = YES;
				CLANG_ENABLE_OBJC_ARC = YES;
				CLANG_ENABLE_OBJC_WEAK = YES;
				CLANG_WARN_BLOCK_CAPTURE_AUTORELEASING = YES;
				CLANG_WARN_BOOL_CONVERSION = YES;
				CLANG_WARN_COMMA = YES;
				CLANG_WARN_CONSTANT_CONVERSION = YES;
				CLANG_WARN_DEPRECATED_OBJC_IMPLEMENTATIONS = YES;
				CLANG_WARN_DIRECT_OBJC_ISA_USAGE = YES_ERROR;
				CLANG_WARN_DOCUMENTATION_COMMENTS = YES;
				CLANG_WARN_EMPTY_BODY = YES;
				CLANG_WARN_ENUM_CONVERSION = YES;
				CLANG_WARN_INFINITE_RECURSION = YES;
				CLANG_WARN_INT_CONVERSION = YES;
				CLANG_WARN_NON_LITERAL_NULL_CONVERSION = YES;
				CLANG_WARN_OBJC_IMPLICIT_RETAIN_SELF = YES;
				CLANG_WARN_OBJC_LITERAL_CONVERSION = YES;
				CLANG_WARN_OBJC_ROOT_CLASS = YES_ERROR;
				CLANG_WARN_QUOTED_INCLUDE_IN_FRAMEWORK_HEADER = YES;
				CLANG_WARN_RANGE_LOOP_ANALYSIS = YES;
				CLANG_WARN_STRICT_PROTOTYPES = YES;
				CLANG_WARN_SUSPICIOUS_MOVE = YES;
				CLANG_WARN_UNGUARDED_AVAILABILITY = YES_AGGRESSIVE;
				CLANG_WARN_UNREACHABLE_CODE = YES;
				CLANG_WARN__DUPLICATE_METHOD_MATCH = YES;
				COPY_PHASE_STRIP = NO;
				DEBUG_INFORMATION_FORMAT = "dwarf-with-dsym";
				ENABLE_NS_ASSERTIONS = NO;
				ENABLE_STRICT_OBJC_MSGSEND = YES;
				GCC_C_LANGUAGE_STANDARD = gnu11;
				GCC_NO_COMMON_BLOCKS = YES;
				GCC_WARN_64_TO_32_BIT_CONVERSION = YES;
				GCC_WARN_ABOUT_RETURN_TYPE = YES_ERROR;
				GCC_WARN_UNDECLARED_SELECTOR = YES;
				GCC_WARN_UNINITIALIZED_AUTOS = YES_AGGRESSIVE;
				GCC_WARN_UNUSED_FUNCTION = YES;
				GCC_WARN_UNUSED_VARIABLE = YES;
				IPHONEOS_DEPLOYMENT_TARGET = 16.0;
				MTL_ENABLE_DEBUG_INFO = NO;
				MTL_FAST_MATH = YES;
				SDKROOT = iphoneos;
				SWIFT_COMPILATION_MODE = wholemodule;
				SWIFT_OPTIMIZATION_LEVEL = "-O";
				VALIDATE_PRODUCT = YES;
			};
			name = Release;
		};
		A6FB4E382A6E35920035FDD4 /* Debug */ = {
			isa = XCBuildConfiguration;
			buildSettings = {
				ASSETCATALOG_COMPILER_APPICON_NAME = AppIcon;
				ASSETCATALOG_COMPILER_GLOBAL_ACCENT_COLOR_NAME = AccentColor;
				CODE_SIGN_STYLE = Automatic;
				CURRENT_PROJECT_VERSION = 1;
				DEVELOPMENT_ASSET_PATHS = "\"SwiftUI-Concurrency/Preview Content\"";
				DEVELOPMENT_TEAM = HU8RMC793N;
				ENABLE_PREVIEWS = YES;
				GENERATE_INFOPLIST_FILE = YES;
				INFOPLIST_KEY_UIApplicationSceneManifest_Generation = YES;
				INFOPLIST_KEY_UIApplicationSupportsIndirectInputEvents = YES;
				INFOPLIST_KEY_UILaunchScreen_Generation = YES;
				INFOPLIST_KEY_UISupportedInterfaceOrientations_iPad = "UIInterfaceOrientationPortrait UIInterfaceOrientationPortraitUpsideDown UIInterfaceOrientationLandscapeLeft UIInterfaceOrientationLandscapeRight";
				INFOPLIST_KEY_UISupportedInterfaceOrientations_iPhone = "UIInterfaceOrientationPortrait UIInterfaceOrientationLandscapeLeft UIInterfaceOrientationLandscapeRight";
				LD_RUNPATH_SEARCH_PATHS = (
					"$(inherited)",
					"@executable_path/Frameworks",
				);
				MARKETING_VERSION = 1.0;
				PRODUCT_BUNDLE_IDENTIFIER = "kr.textobey.SwiftUI-Concurrency";
				PRODUCT_NAME = "$(TARGET_NAME)";
				SWIFT_EMIT_LOC_STRINGS = YES;
				SWIFT_VERSION = 5.0;
				TARGETED_DEVICE_FAMILY = "1,2";
			};
			name = Debug;
		};
		A6FB4E392A6E35920035FDD4 /* Release */ = {
			isa = XCBuildConfiguration;
			buildSettings = {
				ASSETCATALOG_COMPILER_APPICON_NAME = AppIcon;
				ASSETCATALOG_COMPILER_GLOBAL_ACCENT_COLOR_NAME = AccentColor;
				CODE_SIGN_STYLE = Automatic;
				CURRENT_PROJECT_VERSION = 1;
				DEVELOPMENT_ASSET_PATHS = "\"SwiftUI-Concurrency/Preview Content\"";
				DEVELOPMENT_TEAM = HU8RMC793N;
				ENABLE_PREVIEWS = YES;
				GENERATE_INFOPLIST_FILE = YES;
				INFOPLIST_KEY_UIApplicationSceneManifest_Generation = YES;
				INFOPLIST_KEY_UIApplicationSupportsIndirectInputEvents = YES;
				INFOPLIST_KEY_UILaunchScreen_Generation = YES;
				INFOPLIST_KEY_UISupportedInterfaceOrientations_iPad = "UIInterfaceOrientationPortrait UIInterfaceOrientationPortraitUpsideDown UIInterfaceOrientationLandscapeLeft UIInterfaceOrientationLandscapeRight";
				INFOPLIST_KEY_UISupportedInterfaceOrientations_iPhone = "UIInterfaceOrientationPortrait UIInterfaceOrientationLandscapeLeft UIInterfaceOrientationLandscapeRight";
				LD_RUNPATH_SEARCH_PATHS = (
					"$(inherited)",
					"@executable_path/Frameworks",
				);
				MARKETING_VERSION = 1.0;
				PRODUCT_BUNDLE_IDENTIFIER = "kr.textobey.SwiftUI-Concurrency";
				PRODUCT_NAME = "$(TARGET_NAME)";
				SWIFT_EMIT_LOC_STRINGS = YES;
				SWIFT_VERSION = 5.0;
				TARGETED_DEVICE_FAMILY = "1,2";
			};
			name = Release;
		};
/* End XCBuildConfiguration section */

/* Begin XCConfigurationList section */
		A6FB4E242A6E35900035FDD4 /* Build configuration list for PBXProject "SwiftUI-Concurrency" */ = {
			isa = XCConfigurationList;
			buildConfigurations = (
				A6FB4E352A6E35920035FDD4 /* Debug */,
				A6FB4E362A6E35920035FDD4 /* Release */,
			);
			defaultConfigurationIsVisible = 0;
			defaultConfigurationName = Release;
		};
		A6FB4E372A6E35920035FDD4 /* Build configuration list for PBXNativeTarget "SwiftUI-Concurrency" */ = {
			isa = XCConfigurationList;
			buildConfigurations = (
				A6FB4E382A6E35920035FDD4 /* Debug */,
				A6FB4E392A6E35920035FDD4 /* Release */,
			);
			defaultConfigurationIsVisible = 0;
			defaultConfigurationName = Release;
		};
/* End XCConfigurationList section */
	};
	rootObject = A6FB4E212A6E35900035FDD4 /* Project object */;
}
