// !$*UTF8*$!
{
	archiveVersion = 1;
	classes = {
	};
	objectVersion = 56;
	objects = {

/* Begin PBXBuildFile section */
		A6163DE92A5C01B1004B7B95 /* SwiftUI_ConcurrencyApp.swift in Sources */ = {isa = PBXBuildFile; fileRef = A6163DE82A5C01B1004B7B95 /* SwiftUI_ConcurrencyApp.swift */; };
		A6163DED2A5C01B2004B7B95 /* Assets.xcassets in Resources */ = {isa = PBXBuildFile; fileRef = A6163DEC2A5C01B2004B7B95 /* Assets.xcassets */; };
		A6163DF02A5C01B2004B7B95 /* Preview Assets.xcassets in Resources */ = {isa = PBXBuildFile; fileRef = A6163DEF2A5C01B2004B7B95 /* Preview Assets.xcassets */; };
		A6163DF72A5C02E5004B7B95 /* ApodTabView.swift in Sources */ = {isa = PBXBuildFile; fileRef = A6163DF62A5C02E5004B7B95 /* ApodTabView.swift */; };
		A6163DFA2A5C034E004B7B95 /* FormView.swift in Sources */ = {isa = PBXBuildFile; fileRef = A6163DF92A5C034E004B7B95 /* FormView.swift */; };
		A6163E002A5C0387004B7B95 /* SortSelectionView.swift in Sources */ = {isa = PBXBuildFile; fileRef = A6163DFF2A5C0387004B7B95 /* SortSelectionView.swift */; };
		A6163E022A5C0391004B7B95 /* ListView.swift in Sources */ = {isa = PBXBuildFile; fileRef = A6163E012A5C0391004B7B95 /* ListView.swift */; };
		A6163E042A5C03A2004B7B95 /* FavoritesEmptyView.swift in Sources */ = {isa = PBXBuildFile; fileRef = A6163E032A5C03A2004B7B95 /* FavoritesEmptyView.swift */; };
		A6163E062A5C03AB004B7B95 /* FavoritesView.swift in Sources */ = {isa = PBXBuildFile; fileRef = A6163E052A5C03AB004B7B95 /* FavoritesView.swift */; };
		A6163E082A5C03B4004B7B95 /* TimelineView.swift in Sources */ = {isa = PBXBuildFile; fileRef = A6163E072A5C03B4004B7B95 /* TimelineView.swift */; };
		A6163E0A2A5C03BC004B7B95 /* DetailsView.swift in Sources */ = {isa = PBXBuildFile; fileRef = A6163E092A5C03BC004B7B95 /* DetailsView.swift */; };
		A6163E0C2A5C03CC004B7B95 /* ApodView.swift in Sources */ = {isa = PBXBuildFile; fileRef = A6163E0B2A5C03CC004B7B95 /* ApodView.swift */; };
		A6163E0E2A5C03DC004B7B95 /* VideoView.swift in Sources */ = {isa = PBXBuildFile; fileRef = A6163E0D2A5C03DC004B7B95 /* VideoView.swift */; };
		A6163E122A5C0656004B7B95 /* ApodNetworking.swift in Sources */ = {isa = PBXBuildFile; fileRef = A6163E112A5C0656004B7B95 /* ApodNetworking.swift */; };
		A6163E152A5C06D1004B7B95 /* ApodModel.swift in Sources */ = {isa = PBXBuildFile; fileRef = A6163E142A5C06D1004B7B95 /* ApodModel.swift */; };
		A6163E172A5C08C1004B7B95 /* EndPoint.swift in Sources */ = {isa = PBXBuildFile; fileRef = A6163E162A5C08C1004B7B95 /* EndPoint.swift */; };
		A6163E192A5C0B3E004B7B95 /* JSONDecoderFactory.swift in Sources */ = {isa = PBXBuildFile; fileRef = A6163E182A5C0B3E004B7B95 /* JSONDecoderFactory.swift */; };
		A6163E1B2A5C0BBC004B7B95 /* URLRequestBuilder.swift in Sources */ = {isa = PBXBuildFile; fileRef = A6163E1A2A5C0BBC004B7B95 /* URLRequestBuilder.swift */; };
/* End PBXBuildFile section */

/* Begin PBXFileReference section */
		A6163DE52A5C01B1004B7B95 /* SwiftUI-Concurrency.app */ = {isa = PBXFileReference; explicitFileType = wrapper.application; includeInIndex = 0; path = "SwiftUI-Concurrency.app"; sourceTree = BUILT_PRODUCTS_DIR; };
		A6163DE82A5C01B1004B7B95 /* SwiftUI_ConcurrencyApp.swift */ = {isa = PBXFileReference; lastKnownFileType = sourcecode.swift; path = SwiftUI_ConcurrencyApp.swift; sourceTree = "<group>"; };
		A6163DEC2A5C01B2004B7B95 /* Assets.xcassets */ = {isa = PBXFileReference; lastKnownFileType = folder.assetcatalog; path = Assets.xcassets; sourceTree = "<group>"; };
		A6163DEF2A5C01B2004B7B95 /* Preview Assets.xcassets */ = {isa = PBXFileReference; lastKnownFileType = folder.assetcatalog; path = "Preview Assets.xcassets"; sourceTree = "<group>"; };
		A6163DF62A5C02E5004B7B95 /* ApodTabView.swift */ = {isa = PBXFileReference; lastKnownFileType = sourcecode.swift; path = ApodTabView.swift; sourceTree = "<group>"; };
		A6163DF92A5C034E004B7B95 /* FormView.swift */ = {isa = PBXFileReference; lastKnownFileType = sourcecode.swift; path = FormView.swift; sourceTree = "<group>"; };
		A6163DFF2A5C0387004B7B95 /* SortSelectionView.swift */ = {isa = PBXFileReference; lastKnownFileType = sourcecode.swift; path = SortSelectionView.swift; sourceTree = "<group>"; };
		A6163E012A5C0391004B7B95 /* ListView.swift */ = {isa = PBXFileReference; lastKnownFileType = sourcecode.swift; path = ListView.swift; sourceTree = "<group>"; };
		A6163E032A5C03A2004B7B95 /* FavoritesEmptyView.swift */ = {isa = PBXFileReference; lastKnownFileType = sourcecode.swift; path = FavoritesEmptyView.swift; sourceTree = "<group>"; };
		A6163E052A5C03AB004B7B95 /* FavoritesView.swift */ = {isa = PBXFileReference; lastKnownFileType = sourcecode.swift; path = FavoritesView.swift; sourceTree = "<group>"; };
		A6163E072A5C03B4004B7B95 /* TimelineView.swift */ = {isa = PBXFileReference; lastKnownFileType = sourcecode.swift; path = TimelineView.swift; sourceTree = "<group>"; };
		A6163E092A5C03BC004B7B95 /* DetailsView.swift */ = {isa = PBXFileReference; lastKnownFileType = sourcecode.swift; path = DetailsView.swift; sourceTree = "<group>"; };
		A6163E0B2A5C03CC004B7B95 /* ApodView.swift */ = {isa = PBXFileReference; lastKnownFileType = sourcecode.swift; path = ApodView.swift; sourceTree = "<group>"; };
		A6163E0D2A5C03DC004B7B95 /* VideoView.swift */ = {isa = PBXFileReference; lastKnownFileType = sourcecode.swift; path = VideoView.swift; sourceTree = "<group>"; };
		A6163E112A5C0656004B7B95 /* ApodNetworking.swift */ = {isa = PBXFileReference; lastKnownFileType = sourcecode.swift; path = ApodNetworking.swift; sourceTree = "<group>"; };
		A6163E142A5C06D1004B7B95 /* ApodModel.swift */ = {isa = PBXFileReference; lastKnownFileType = sourcecode.swift; path = ApodModel.swift; sourceTree = "<group>"; };
		A6163E162A5C08C1004B7B95 /* EndPoint.swift */ = {isa = PBXFileReference; lastKnownFileType = sourcecode.swift; path = EndPoint.swift; sourceTree = "<group>"; };
		A6163E182A5C0B3E004B7B95 /* JSONDecoderFactory.swift */ = {isa = PBXFileReference; lastKnownFileType = sourcecode.swift; path = JSONDecoderFactory.swift; sourceTree = "<group>"; };
		A6163E1A2A5C0BBC004B7B95 /* URLRequestBuilder.swift */ = {isa = PBXFileReference; lastKnownFileType = sourcecode.swift; path = URLRequestBuilder.swift; sourceTree = "<group>"; };
/* End PBXFileReference section */

/* Begin PBXFrameworksBuildPhase section */
		A6163DE22A5C01B1004B7B95 /* Frameworks */ = {
			isa = PBXFrameworksBuildPhase;
			buildActionMask = 2147483647;
			files = (
			);
			runOnlyForDeploymentPostprocessing = 0;
		};
/* End PBXFrameworksBuildPhase section */

/* Begin PBXGroup section */
		A6163DDC2A5C01B1004B7B95 = {
			isa = PBXGroup;
			children = (
				A6163DE72A5C01B1004B7B95 /* SwiftUI-Concurrency */,
				A6163DE62A5C01B1004B7B95 /* Products */,
			);
			sourceTree = "<group>";
		};
		A6163DE62A5C01B1004B7B95 /* Products */ = {
			isa = PBXGroup;
			children = (
				A6163DE52A5C01B1004B7B95 /* SwiftUI-Concurrency.app */,
			);
			name = Products;
			sourceTree = "<group>";
		};
		A6163DE72A5C01B1004B7B95 /* SwiftUI-Concurrency */ = {
			isa = PBXGroup;
			children = (
				A6163DE82A5C01B1004B7B95 /* SwiftUI_ConcurrencyApp.swift */,
				A6163DF62A5C02E5004B7B95 /* ApodTabView.swift */,
				A6163DEC2A5C01B2004B7B95 /* Assets.xcassets */,
				A6163DF82A5C0333004B7B95 /* Views */,
				A6163E132A5C06C6004B7B95 /* Model */,
				A6163E102A5C0635004B7B95 /* ApodNetworking */,
				A6163DEE2A5C01B2004B7B95 /* Preview Content */,
			);
			path = "SwiftUI-Concurrency";
			sourceTree = "<group>";
		};
		A6163DEE2A5C01B2004B7B95 /* Preview Content */ = {
			isa = PBXGroup;
			children = (
				A6163DEF2A5C01B2004B7B95 /* Preview Assets.xcassets */,
			);
			path = "Preview Content";
			sourceTree = "<group>";
		};
		A6163DF82A5C0333004B7B95 /* Views */ = {
			isa = PBXGroup;
			children = (
				A6163E0B2A5C03CC004B7B95 /* ApodView.swift */,
				A6163E0D2A5C03DC004B7B95 /* VideoView.swift */,
				A6163DFB2A5C0351004B7B95 /* Feedback */,
				A6163DFC2A5C0359004B7B95 /* Browse */,
				A6163DFD2A5C0362004B7B95 /* Favorites */,
				A6163DFE2A5C036A004B7B95 /* DetailsView */,
			);
			path = Views;
			sourceTree = "<group>";
		};
		A6163DFB2A5C0351004B7B95 /* Feedback */ = {
			isa = PBXGroup;
			children = (
				A6163DF92A5C034E004B7B95 /* FormView.swift */,
			);
			path = Feedback;
			sourceTree = "<group>";
		};
		A6163DFC2A5C0359004B7B95 /* Browse */ = {
			isa = PBXGroup;
			children = (
				A6163DFF2A5C0387004B7B95 /* SortSelectionView.swift */,
				A6163E012A5C0391004B7B95 /* ListView.swift */,
			);
			path = Browse;
			sourceTree = "<group>";
		};
		A6163DFD2A5C0362004B7B95 /* Favorites */ = {
			isa = PBXGroup;
			children = (
				A6163E032A5C03A2004B7B95 /* FavoritesEmptyView.swift */,
				A6163E052A5C03AB004B7B95 /* FavoritesView.swift */,
			);
			path = Favorites;
			sourceTree = "<group>";
		};
		A6163DFE2A5C036A004B7B95 /* DetailsView */ = {
			isa = PBXGroup;
			children = (
				A6163E072A5C03B4004B7B95 /* TimelineView.swift */,
				A6163E092A5C03BC004B7B95 /* DetailsView.swift */,
			);
			path = DetailsView;
			sourceTree = "<group>";
		};
		A6163E102A5C0635004B7B95 /* ApodNetworking */ = {
			isa = PBXGroup;
			children = (
				A6163E112A5C0656004B7B95 /* ApodNetworking.swift */,
				A6163E162A5C08C1004B7B95 /* EndPoint.swift */,
				A6163E182A5C0B3E004B7B95 /* JSONDecoderFactory.swift */,
				A6163E1A2A5C0BBC004B7B95 /* URLRequestBuilder.swift */,
			);
			path = ApodNetworking;
			sourceTree = "<group>";
		};
		A6163E132A5C06C6004B7B95 /* Model */ = {
			isa = PBXGroup;
			children = (
				A6163E142A5C06D1004B7B95 /* ApodModel.swift */,
			);
			path = Model;
			sourceTree = "<group>";
		};
/* End PBXGroup section */

/* Begin PBXNativeTarget section */
		A6163DE42A5C01B1004B7B95 /* SwiftUI-Concurrency */ = {
			isa = PBXNativeTarget;
			buildConfigurationList = A6163DF32A5C01B2004B7B95 /* Build configuration list for PBXNativeTarget "SwiftUI-Concurrency" */;
			buildPhases = (
				A6163DE12A5C01B1004B7B95 /* Sources */,
				A6163DE22A5C01B1004B7B95 /* Frameworks */,
				A6163DE32A5C01B1004B7B95 /* Resources */,
			);
			buildRules = (
			);
			dependencies = (
			);
			name = "SwiftUI-Concurrency";
			productName = "SwiftUI-Concurrency";
			productReference = A6163DE52A5C01B1004B7B95 /* SwiftUI-Concurrency.app */;
			productType = "com.apple.product-type.application";
		};
/* End PBXNativeTarget section */

/* Begin PBXProject section */
		A6163DDD2A5C01B1004B7B95 /* Project object */ = {
			isa = PBXProject;
			attributes = {
				BuildIndependentTargetsInParallel = 1;
				LastSwiftUpdateCheck = 1400;
				LastUpgradeCheck = 1400;
				TargetAttributes = {
					A6163DE42A5C01B1004B7B95 = {
						CreatedOnToolsVersion = 14.0.1;
					};
				};
			};
			buildConfigurationList = A6163DE02A5C01B1004B7B95 /* Build configuration list for PBXProject "SwiftUI-Concurrency" */;
			compatibilityVersion = "Xcode 14.0";
			developmentRegion = en;
			hasScannedForEncodings = 0;
			knownRegions = (
				en,
				Base,
			);
			mainGroup = A6163DDC2A5C01B1004B7B95;
			productRefGroup = A6163DE62A5C01B1004B7B95 /* Products */;
			projectDirPath = "";
			projectRoot = "";
			targets = (
				A6163DE42A5C01B1004B7B95 /* SwiftUI-Concurrency */,
			);
		};
/* End PBXProject section */

/* Begin PBXResourcesBuildPhase section */
		A6163DE32A5C01B1004B7B95 /* Resources */ = {
			isa = PBXResourcesBuildPhase;
			buildActionMask = 2147483647;
			files = (
				A6163DF02A5C01B2004B7B95 /* Preview Assets.xcassets in Resources */,
				A6163DED2A5C01B2004B7B95 /* Assets.xcassets in Resources */,
			);
			runOnlyForDeploymentPostprocessing = 0;
		};
/* End PBXResourcesBuildPhase section */

/* Begin PBXSourcesBuildPhase section */
		A6163DE12A5C01B1004B7B95 /* Sources */ = {
			isa = PBXSourcesBuildPhase;
			buildActionMask = 2147483647;
			files = (
				A6163E152A5C06D1004B7B95 /* ApodModel.swift in Sources */,
				A6163E0E2A5C03DC004B7B95 /* VideoView.swift in Sources */,
				A6163DFA2A5C034E004B7B95 /* FormView.swift in Sources */,
				A6163E0A2A5C03BC004B7B95 /* DetailsView.swift in Sources */,
				A6163E0C2A5C03CC004B7B95 /* ApodView.swift in Sources */,
				A6163E1B2A5C0BBC004B7B95 /* URLRequestBuilder.swift in Sources */,
				A6163E042A5C03A2004B7B95 /* FavoritesEmptyView.swift in Sources */,
				A6163E022A5C0391004B7B95 /* ListView.swift in Sources */,
				A6163E062A5C03AB004B7B95 /* FavoritesView.swift in Sources */,
				A6163DE92A5C01B1004B7B95 /* SwiftUI_ConcurrencyApp.swift in Sources */,
				A6163E002A5C0387004B7B95 /* SortSelectionView.swift in Sources */,
				A6163E082A5C03B4004B7B95 /* TimelineView.swift in Sources */,
				A6163DF72A5C02E5004B7B95 /* ApodTabView.swift in Sources */,
				A6163E172A5C08C1004B7B95 /* EndPoint.swift in Sources */,
				A6163E122A5C0656004B7B95 /* ApodNetworking.swift in Sources */,
				A6163E192A5C0B3E004B7B95 /* JSONDecoderFactory.swift in Sources */,
			);
			runOnlyForDeploymentPostprocessing = 0;
		};
/* End PBXSourcesBuildPhase section */

/* Begin XCBuildConfiguration section */
		A6163DF12A5C01B2004B7B95 /* Debug */ = {
			isa = XCBuildConfiguration;
			buildSettings = {
				ALWAYS_SEARCH_USER_PATHS = NO;
				CLANG_ANALYZER_NONNULL = YES;
				CLANG_ANALYZER_NUMBER_OBJECT_CONVERSION = YES_AGGRESSIVE;
				CLANG_CXX_LANGUAGE_STANDARD = "gnu++20";
				CLANG_ENABLE_MODULES = YES;
				CLANG_ENABLE_OBJC_ARC = YES;
				CLANG_ENABLE_OBJC_WEAK = YES;
				CLANG_WARN_BLOCK_CAPTURE_AUTORELEASING = YES;
				CLANG_WARN_BOOL_CONVERSION = YES;
				CLANG_WARN_COMMA = YES;
				CLANG_WARN_CONSTANT_CONVERSION = YES;
				CLANG_WARN_DEPRECATED_OBJC_IMPLEMENTATIONS = YES;
				CLANG_WARN_DIRECT_OBJC_ISA_USAGE = YES_ERROR;
				CLANG_WARN_DOCUMENTATION_COMMENTS = YES;
				CLANG_WARN_EMPTY_BODY = YES;
				CLANG_WARN_ENUM_CONVERSION = YES;
				CLANG_WARN_INFINITE_RECURSION = YES;
				CLANG_WARN_INT_CONVERSION = YES;
				CLANG_WARN_NON_LITERAL_NULL_CONVERSION = YES;
				CLANG_WARN_OBJC_IMPLICIT_RETAIN_SELF = YES;
				CLANG_WARN_OBJC_LITERAL_CONVERSION = YES;
				CLANG_WARN_OBJC_ROOT_CLASS = YES_ERROR;
				CLANG_WARN_QUOTED_INCLUDE_IN_FRAMEWORK_HEADER = YES;
				CLANG_WARN_RANGE_LOOP_ANALYSIS = YES;
				CLANG_WARN_STRICT_PROTOTYPES = YES;
				CLANG_WARN_SUSPICIOUS_MOVE = YES;
				CLANG_WARN_UNGUARDED_AVAILABILITY = YES_AGGRESSIVE;
				CLANG_WARN_UNREACHABLE_CODE = YES;
				CLANG_WARN__DUPLICATE_METHOD_MATCH = YES;
				COPY_PHASE_STRIP = NO;
				DEBUG_INFORMATION_FORMAT = dwarf;
				ENABLE_STRICT_OBJC_MSGSEND = YES;
				ENABLE_TESTABILITY = YES;
				GCC_C_LANGUAGE_STANDARD = gnu11;
				GCC_DYNAMIC_NO_PIC = NO;
				GCC_NO_COMMON_BLOCKS = YES;
				GCC_OPTIMIZATION_LEVEL = 0;
				GCC_PREPROCESSOR_DEFINITIONS = (
					"DEBUG=1",
					"$(inherited)",
				);
				GCC_WARN_64_TO_32_BIT_CONVERSION = YES;
				GCC_WARN_ABOUT_RETURN_TYPE = YES_ERROR;
				GCC_WARN_UNDECLARED_SELECTOR = YES;
				GCC_WARN_UNINITIALIZED_AUTOS = YES_AGGRESSIVE;
				GCC_WARN_UNUSED_FUNCTION = YES;
				GCC_WARN_UNUSED_VARIABLE = YES;
				IPHONEOS_DEPLOYMENT_TARGET = 16.0;
				MTL_ENABLE_DEBUG_INFO = INCLUDE_SOURCE;
				MTL_FAST_MATH = YES;
				ONLY_ACTIVE_ARCH = YES;
				SDKROOT = iphoneos;
				SWIFT_ACTIVE_COMPILATION_CONDITIONS = DEBUG;
				SWIFT_OPTIMIZATION_LEVEL = "-Onone";
			};
			name = Debug;
		};
		A6163DF22A5C01B2004B7B95 /* Release */ = {
			isa = XCBuildConfiguration;
			buildSettings = {
				ALWAYS_SEARCH_USER_PATHS = NO;
				CLANG_ANALYZER_NONNULL = YES;
				CLANG_ANALYZER_NUMBER_OBJECT_CONVERSION = YES_AGGRESSIVE;
				CLANG_CXX_LANGUAGE_STANDARD = "gnu++20";
				CLANG_ENABLE_MODULES = YES;
				CLANG_ENABLE_OBJC_ARC = YES;
				CLANG_ENABLE_OBJC_WEAK = YES;
				CLANG_WARN_BLOCK_CAPTURE_AUTORELEASING = YES;
				CLANG_WARN_BOOL_CONVERSION = YES;
				CLANG_WARN_COMMA = YES;
				CLANG_WARN_CONSTANT_CONVERSION = YES;
				CLANG_WARN_DEPRECATED_OBJC_IMPLEMENTATIONS = YES;
				CLANG_WARN_DIRECT_OBJC_ISA_USAGE = YES_ERROR;
				CLANG_WARN_DOCUMENTATION_COMMENTS = YES;
				CLANG_WARN_EMPTY_BODY = YES;
				CLANG_WARN_ENUM_CONVERSION = YES;
				CLANG_WARN_INFINITE_RECURSION = YES;
				CLANG_WARN_INT_CONVERSION = YES;
				CLANG_WARN_NON_LITERAL_NULL_CONVERSION = YES;
				CLANG_WARN_OBJC_IMPLICIT_RETAIN_SELF = YES;
				CLANG_WARN_OBJC_LITERAL_CONVERSION = YES;
				CLANG_WARN_OBJC_ROOT_CLASS = YES_ERROR;
				CLANG_WARN_QUOTED_INCLUDE_IN_FRAMEWORK_HEADER = YES;
				CLANG_WARN_RANGE_LOOP_ANALYSIS = YES;
				CLANG_WARN_STRICT_PROTOTYPES = YES;
				CLANG_WARN_SUSPICIOUS_MOVE = YES;
				CLANG_WARN_UNGUARDED_AVAILABILITY = YES_AGGRESSIVE;
				CLANG_WARN_UNREACHABLE_CODE = YES;
				CLANG_WARN__DUPLICATE_METHOD_MATCH = YES;
				COPY_PHASE_STRIP = NO;
				DEBUG_INFORMATION_FORMAT = "dwarf-with-dsym";
				ENABLE_NS_ASSERTIONS = NO;
				ENABLE_STRICT_OBJC_MSGSEND = YES;
				GCC_C_LANGUAGE_STANDARD = gnu11;
				GCC_NO_COMMON_BLOCKS = YES;
				GCC_WARN_64_TO_32_BIT_CONVERSION = YES;
				GCC_WARN_ABOUT_RETURN_TYPE = YES_ERROR;
				GCC_WARN_UNDECLARED_SELECTOR = YES;
				GCC_WARN_UNINITIALIZED_AUTOS = YES_AGGRESSIVE;
				GCC_WARN_UNUSED_FUNCTION = YES;
				GCC_WARN_UNUSED_VARIABLE = YES;
				IPHONEOS_DEPLOYMENT_TARGET = 16.0;
				MTL_ENABLE_DEBUG_INFO = NO;
				MTL_FAST_MATH = YES;
				SDKROOT = iphoneos;
				SWIFT_COMPILATION_MODE = wholemodule;
				SWIFT_OPTIMIZATION_LEVEL = "-O";
				VALIDATE_PRODUCT = YES;
			};
			name = Release;
		};
		A6163DF42A5C01B2004B7B95 /* Debug */ = {
			isa = XCBuildConfiguration;
			buildSettings = {
				ASSETCATALOG_COMPILER_APPICON_NAME = AppIcon;
				ASSETCATALOG_COMPILER_GLOBAL_ACCENT_COLOR_NAME = AccentColor;
				CODE_SIGN_STYLE = Automatic;
				CURRENT_PROJECT_VERSION = 1;
				DEVELOPMENT_ASSET_PATHS = "\"SwiftUI-Concurrency/Preview Content\"";
				DEVELOPMENT_TEAM = HU8RMC793N;
				ENABLE_PREVIEWS = YES;
				GENERATE_INFOPLIST_FILE = YES;
				INFOPLIST_KEY_UIApplicationSceneManifest_Generation = YES;
				INFOPLIST_KEY_UIApplicationSupportsIndirectInputEvents = YES;
				INFOPLIST_KEY_UILaunchScreen_Generation = YES;
				INFOPLIST_KEY_UISupportedInterfaceOrientations_iPad = "UIInterfaceOrientationPortrait UIInterfaceOrientationPortraitUpsideDown UIInterfaceOrientationLandscapeLeft UIInterfaceOrientationLandscapeRight";
				INFOPLIST_KEY_UISupportedInterfaceOrientations_iPhone = "UIInterfaceOrientationPortrait UIInterfaceOrientationLandscapeLeft UIInterfaceOrientationLandscapeRight";
				LD_RUNPATH_SEARCH_PATHS = (
					"$(inherited)",
					"@executable_path/Frameworks",
				);
				MARKETING_VERSION = 1.0;
				PRODUCT_BUNDLE_IDENTIFIER = "kr.textobey.SwiftUI-Concurrency";
				PRODUCT_NAME = "$(TARGET_NAME)";
				SWIFT_EMIT_LOC_STRINGS = YES;
				SWIFT_VERSION = 5.0;
				TARGETED_DEVICE_FAMILY = "1,2";
			};
			name = Debug;
		};
		A6163DF52A5C01B2004B7B95 /* Release */ = {
			isa = XCBuildConfiguration;
			buildSettings = {
				ASSETCATALOG_COMPILER_APPICON_NAME = AppIcon;
				ASSETCATALOG_COMPILER_GLOBAL_ACCENT_COLOR_NAME = AccentColor;
				CODE_SIGN_STYLE = Automatic;
				CURRENT_PROJECT_VERSION = 1;
				DEVELOPMENT_ASSET_PATHS = "\"SwiftUI-Concurrency/Preview Content\"";
				DEVELOPMENT_TEAM = HU8RMC793N;
				ENABLE_PREVIEWS = YES;
				GENERATE_INFOPLIST_FILE = YES;
				INFOPLIST_KEY_UIApplicationSceneManifest_Generation = YES;
				INFOPLIST_KEY_UIApplicationSupportsIndirectInputEvents = YES;
				INFOPLIST_KEY_UILaunchScreen_Generation = YES;
				INFOPLIST_KEY_UISupportedInterfaceOrientations_iPad = "UIInterfaceOrientationPortrait UIInterfaceOrientationPortraitUpsideDown UIInterfaceOrientationLandscapeLeft UIInterfaceOrientationLandscapeRight";
				INFOPLIST_KEY_UISupportedInterfaceOrientations_iPhone = "UIInterfaceOrientationPortrait UIInterfaceOrientationLandscapeLeft UIInterfaceOrientationLandscapeRight";
				LD_RUNPATH_SEARCH_PATHS = (
					"$(inherited)",
					"@executable_path/Frameworks",
				);
				MARKETING_VERSION = 1.0;
				PRODUCT_BUNDLE_IDENTIFIER = "kr.textobey.SwiftUI-Concurrency";
				PRODUCT_NAME = "$(TARGET_NAME)";
				SWIFT_EMIT_LOC_STRINGS = YES;
				SWIFT_VERSION = 5.0;
				TARGETED_DEVICE_FAMILY = "1,2";
			};
			name = Release;
		};
/* End XCBuildConfiguration section */

/* Begin XCConfigurationList section */
		A6163DE02A5C01B1004B7B95 /* Build configuration list for PBXProject "SwiftUI-Concurrency" */ = {
			isa = XCConfigurationList;
			buildConfigurations = (
				A6163DF12A5C01B2004B7B95 /* Debug */,
				A6163DF22A5C01B2004B7B95 /* Release */,
			);
			defaultConfigurationIsVisible = 0;
			defaultConfigurationName = Release;
		};
		A6163DF32A5C01B2004B7B95 /* Build configuration list for PBXNativeTarget "SwiftUI-Concurrency" */ = {
			isa = XCConfigurationList;
			buildConfigurations = (
				A6163DF42A5C01B2004B7B95 /* Debug */,
				A6163DF52A5C01B2004B7B95 /* Release */,
			);
			defaultConfigurationIsVisible = 0;
			defaultConfigurationName = Release;
		};
/* End XCConfigurationList section */
	};
	rootObject = A6163DDD2A5C01B1004B7B95 /* Project object */;
}
